// !$*UTF8*$!
{
	archiveVersion = 1;
	classes = {
	};
	objectVersion = 46;
	objects = {

/* Begin PBXBuildFile section */
		FE00EA42147E104B00874935 /* PFIHomeTableViewCell.m in Sources */ = {isa = PBXBuildFile; fileRef = FE00EA41147E104B00874935 /* PFIHomeTableViewCell.m */; };
		FE00EA4F147E313600874935 /* dataBase.plist in Resources */ = {isa = PBXBuildFile; fileRef = FE00EA4E147E313600874935 /* dataBase.plist */; };
		FE00EA58147E4BE300874935 /* PFIClotheViewController.m in Sources */ = {isa = PBXBuildFile; fileRef = FE00EA56147E4BE300874935 /* PFIClotheViewController.m */; };
		FE00EA5B147E4C3D00874935 /* PFIClotheViewController.xib in Resources */ = {isa = PBXBuildFile; fileRef = FE00EA5A147E4C3D00874935 /* PFIClotheViewController.xib */; };
		FE00EA5E147E4F8C00874935 /* PFIClotheTableViewCell.m in Sources */ = {isa = PBXBuildFile; fileRef = FE00EA5D147E4F8C00874935 /* PFIClotheTableViewCell.m */; };
		FE00EA60147E50A200874935 /* ClotheData.plist in Resources */ = {isa = PBXBuildFile; fileRef = FE00EA5F147E50A200874935 /* ClotheData.plist */; };
		FE00EA6A147E5C8D00874935 /* clothe-bag@2x.png in Resources */ = {isa = PBXBuildFile; fileRef = FE00EA62147E5C8D00874935 /* clothe-bag@2x.png */; };
		FE00EA6B147E5C8D00874935 /* clothe-clothes.png in Resources */ = {isa = PBXBuildFile; fileRef = FE00EA63147E5C8D00874935 /* clothe-clothes.png */; };
		FE00EA6C147E5C8D00874935 /* clothe-clothes@2x.png in Resources */ = {isa = PBXBuildFile; fileRef = FE00EA64147E5C8D00874935 /* clothe-clothes@2x.png */; };
		FE00EA6E147E5C8D00874935 /* clothe-shoes@2x.png in Resources */ = {isa = PBXBuildFile; fileRef = FE00EA66147E5C8D00874935 /* clothe-shoes@2x.png */; };
		FE00EA6F147E5C8D00874935 /* clothe-trousers.png in Resources */ = {isa = PBXBuildFile; fileRef = FE00EA67147E5C8D00874935 /* clothe-trousers.png */; };
		FE00EA70147E5C8D00874935 /* clothe-trousers@2x.png in Resources */ = {isa = PBXBuildFile; fileRef = FE00EA68147E5C8D00874935 /* clothe-trousers@2x.png */; };
		FE4B0FA5147CE340003CEDFD /* home-background-tableview.png in Resources */ = {isa = PBXBuildFile; fileRef = FE4B0F9D147CE340003CEDFD /* home-background-tableview.png */; };
		FE4B0FA6147CE340003CEDFD /* home-background-tableview@2x.png in Resources */ = {isa = PBXBuildFile; fileRef = FE4B0F9E147CE340003CEDFD /* home-background-tableview@2x.png */; };
		FE4B0FA7147CE340003CEDFD /* home-icon-cell-1.png in Resources */ = {isa = PBXBuildFile; fileRef = FE4B0F9F147CE340003CEDFD /* home-icon-cell-1.png */; };
		FE4B0FA8147CE340003CEDFD /* home-icon-cell-1@2x.png in Resources */ = {isa = PBXBuildFile; fileRef = FE4B0FA0147CE340003CEDFD /* home-icon-cell-1@2x.png */; };
		FE4B0FA9147CE340003CEDFD /* home-icon-cell-2.png in Resources */ = {isa = PBXBuildFile; fileRef = FE4B0FA1147CE340003CEDFD /* home-icon-cell-2.png */; };
		FE4B0FAA147CE340003CEDFD /* home-icon-cell-2@2x.png in Resources */ = {isa = PBXBuildFile; fileRef = FE4B0FA2147CE340003CEDFD /* home-icon-cell-2@2x.png */; };
		FE4B0FAB147CE340003CEDFD /* home-icon-cell-3.png in Resources */ = {isa = PBXBuildFile; fileRef = FE4B0FA3147CE340003CEDFD /* home-icon-cell-3.png */; };
		FE4B0FAC147CE340003CEDFD /* home-icon-cell-3@2x.png in Resources */ = {isa = PBXBuildFile; fileRef = FE4B0FA4147CE340003CEDFD /* home-icon-cell-3@2x.png */; };
		FE4B0FAF147CEFD2003CEDFD /* home-background-cell.png in Resources */ = {isa = PBXBuildFile; fileRef = FE4B0FAD147CEFD2003CEDFD /* home-background-cell.png */; };
		FE4B0FB0147CEFD2003CEDFD /* home-background-cell@2x.png in Resources */ = {isa = PBXBuildFile; fileRef = FE4B0FAE147CEFD2003CEDFD /* home-background-cell@2x.png */; };
		FE4B0FB3147CF36D003CEDFD /* CustomCellBackground.m in Sources */ = {isa = PBXBuildFile; fileRef = FE4B0FB2147CF36D003CEDFD /* CustomCellBackground.m */; };
		FE81FEB2148692B0007E3F63 /* clothe-gridview-cell-hightlight.png in Resources */ = {isa = PBXBuildFile; fileRef = FE81FEB0148692B0007E3F63 /* clothe-gridview-cell-hightlight.png */; };
		FE81FEB3148692B0007E3F63 /* clothe-gridview-cell-hightlight@2x.png in Resources */ = {isa = PBXBuildFile; fileRef = FE81FEB1148692B0007E3F63 /* clothe-gridview-cell-hightlight@2x.png */; };
		FE81FEC31486A708007E3F63 /* PFIClotheGridViewCellDetail.m in Sources */ = {isa = PBXBuildFile; fileRef = FE81FEC11486A708007E3F63 /* PFIClotheGridViewCellDetail.m */; };
		FE81FEC61486A74A007E3F63 /* PFIClotheGridViewCellDetail.xib in Resources */ = {isa = PBXBuildFile; fileRef = FE81FEC51486A74A007E3F63 /* PFIClotheGridViewCellDetail.xib */; };
		FE852951148DED8600B0113B /* MapDataItem.plist in Resources */ = {isa = PBXBuildFile; fileRef = FE852950148DED8600B0113B /* MapDataItem.plist */; };
		FE852958148DF03B00B0113B /* map-icon-1.png in Resources */ = {isa = PBXBuildFile; fileRef = FE852954148DF03B00B0113B /* map-icon-1.png */; };
		FE852959148DF03B00B0113B /* map-icon-1@2x.png in Resources */ = {isa = PBXBuildFile; fileRef = FE852955148DF03B00B0113B /* map-icon-1@2x.png */; };
		FE85295A148DF03B00B0113B /* map-icon-2.png in Resources */ = {isa = PBXBuildFile; fileRef = FE852956148DF03B00B0113B /* map-icon-2.png */; };
		FE85295B148DF03B00B0113B /* map-icon-2@2x.png in Resources */ = {isa = PBXBuildFile; fileRef = FE852957148DF03B00B0113B /* map-icon-2@2x.png */; };
		FE85295F148DF0A400B0113B /* PFIMapViewController.m in Sources */ = {isa = PBXBuildFile; fileRef = FE85295D148DF0A400B0113B /* PFIMapViewController.m */; };
		FE852962148DF0E600B0113B /* PFIMapViewController.xib in Resources */ = {isa = PBXBuildFile; fileRef = FE852961148DF0E600B0113B /* PFIMapViewController.xib */; };
		FE852965148DF30200B0113B /* PFIMapTableViewCell.m in Sources */ = {isa = PBXBuildFile; fileRef = FE852964148DF30200B0113B /* PFIMapTableViewCell.m */; };
		FE85296C148E02D500B0113B /* MapKit.framework in Frameworks */ = {isa = PBXBuildFile; fileRef = FE85296A148E02A100B0113B /* MapKit.framework */; };
		FE852970148E09A000B0113B /* PFIMapDetailViewController.m in Sources */ = {isa = PBXBuildFile; fileRef = FE85296E148E099F00B0113B /* PFIMapDetailViewController.m */; };
		FE852973148E09E900B0113B /* PFIMapDetailViewController.xib in Resources */ = {isa = PBXBuildFile; fileRef = FE852972148E09E900B0113B /* PFIMapDetailViewController.xib */; };
		FE8AC5DD1487318600A7F867 /* clothe-gridview-under-line.png in Resources */ = {isa = PBXBuildFile; fileRef = FE8AC5DB1487318600A7F867 /* clothe-gridview-under-line.png */; };
		FE8AC5DE1487318600A7F867 /* clothe-gridview-under-line@2x.png in Resources */ = {isa = PBXBuildFile; fileRef = FE8AC5DC1487318600A7F867 /* clothe-gridview-under-line@2x.png */; };
		FE8AC5EE14876AD600A7F867 /* clothe-girdview-detail-shadow.png in Resources */ = {isa = PBXBuildFile; fileRef = FE8AC5E014876AD600A7F867 /* clothe-girdview-detail-shadow.png */; };
		FE8AC5F114876AD600A7F867 /* clothe-gridview-detail-1-silverImage.png in Resources */ = {isa = PBXBuildFile; fileRef = FE8AC5E314876AD600A7F867 /* clothe-gridview-detail-1-silverImage.png */; };
		FE8AC5F214876AD600A7F867 /* clothe-gridview-detail-1-silverImage@2x.png in Resources */ = {isa = PBXBuildFile; fileRef = FE8AC5E414876AD600A7F867 /* clothe-gridview-detail-1-silverImage@2x.png */; };
		FE8AC5F314876AD600A7F867 /* clothe-gridview-detail-1-thumnail1.png in Resources */ = {isa = PBXBuildFile; fileRef = FE8AC5E514876AD600A7F867 /* clothe-gridview-detail-1-thumnail1.png */; };
		FE8AC5F414876AD600A7F867 /* clothe-gridview-detail-1-thumnail1@2x.png in Resources */ = {isa = PBXBuildFile; fileRef = FE8AC5E614876AD600A7F867 /* clothe-gridview-detail-1-thumnail1@2x.png */; };
		FE8AC5F514876AD600A7F867 /* clothe-gridview-detail-button-color-orange.png in Resources */ = {isa = PBXBuildFile; fileRef = FE8AC5E714876AD600A7F867 /* clothe-gridview-detail-button-color-orange.png */; };
		FE8AC5F614876AD600A7F867 /* clothe-gridview-detail-button-color-orange@2x.png in Resources */ = {isa = PBXBuildFile; fileRef = FE8AC5E814876AD600A7F867 /* clothe-gridview-detail-button-color-orange@2x.png */; };
		FE8AC5F714876AD600A7F867 /* clothe-gridview-detail-button-color-silver.png in Resources */ = {isa = PBXBuildFile; fileRef = FE8AC5E914876AD600A7F867 /* clothe-gridview-detail-button-color-silver.png */; };
		FE8AC5F814876AD600A7F867 /* clothe-gridview-detail-button-color-silver@2x.png in Resources */ = {isa = PBXBuildFile; fileRef = FE8AC5EA14876AD600A7F867 /* clothe-gridview-detail-button-color-silver@2x.png */; };
		FE8AC5F914876AD600A7F867 /* clothe-gridview-detail-content-background.png in Resources */ = {isa = PBXBuildFile; fileRef = FE8AC5EB14876AD600A7F867 /* clothe-gridview-detail-content-background.png */; };
		FE8AC5FA14876AD600A7F867 /* clothe-gridview-detail-content-background@2x.png in Resources */ = {isa = PBXBuildFile; fileRef = FE8AC5EC14876AD600A7F867 /* clothe-gridview-detail-content-background@2x.png */; };
		FE8AC5FB14876AD600A7F867 /* clothe-gridview-detail-shadow@2x.png in Resources */ = {isa = PBXBuildFile; fileRef = FE8AC5ED14876AD600A7F867 /* clothe-gridview-detail-shadow@2x.png */; };
		FE8AC5FE14876B4000A7F867 /* clothe-gridview-detail-1-orangeImage.png in Resources */ = {isa = PBXBuildFile; fileRef = FE8AC5FC14876B4000A7F867 /* clothe-gridview-detail-1-orangeImage.png */; };
		FE8AC5FF14876B4000A7F867 /* clothe-gridview-detail-1-orangeImage@2x.png in Resources */ = {isa = PBXBuildFile; fileRef = FE8AC5FD14876B4000A7F867 /* clothe-gridview-detail-1-orangeImage@2x.png */; };
		FEBD195C1486008700692310 /* PFIClotheGridViewCell.m in Sources */ = {isa = PBXBuildFile; fileRef = FEBD195B1486008700692310 /* PFIClotheGridViewCell.m */; };
		FEBF461114761F1F004C0525 /* UIKit.framework in Frameworks */ = {isa = PBXBuildFile; fileRef = FEBF461014761F1F004C0525 /* UIKit.framework */; };
		FEBF461314761F1F004C0525 /* Foundation.framework in Frameworks */ = {isa = PBXBuildFile; fileRef = FEBF461214761F1F004C0525 /* Foundation.framework */; };
		FEBF461514761F1F004C0525 /* CoreGraphics.framework in Frameworks */ = {isa = PBXBuildFile; fileRef = FEBF461414761F1F004C0525 /* CoreGraphics.framework */; };
		FECA05951497403500EDC03C /* PFIDataManager.m in Sources */ = {isa = PBXBuildFile; fileRef = FECA05941497403500EDC03C /* PFIDataManager.m */; };
		FECC21F41491B38A0019AEFC /* bag-scroll-image-1.png in Resources */ = {isa = PBXBuildFile; fileRef = FECC21EC1491B38A0019AEFC /* bag-scroll-image-1.png */; };
		FECC21F51491B38A0019AEFC /* bag-scroll-image-1@2x.png in Resources */ = {isa = PBXBuildFile; fileRef = FECC21ED1491B38A0019AEFC /* bag-scroll-image-1@2x.png */; };
		FECC21F61491B38A0019AEFC /* bag-scroll-image-2.png in Resources */ = {isa = PBXBuildFile; fileRef = FECC21EE1491B38A0019AEFC /* bag-scroll-image-2.png */; };
		FECC21F71491B38A0019AEFC /* bag-scroll-image-2@2x.png in Resources */ = {isa = PBXBuildFile; fileRef = FECC21EF1491B38A0019AEFC /* bag-scroll-image-2@2x.png */; };
		FECC21F81491B38A0019AEFC /* bag-scroll-image-3.png in Resources */ = {isa = PBXBuildFile; fileRef = FECC21F01491B38A0019AEFC /* bag-scroll-image-3.png */; };
		FECC21F91491B38A0019AEFC /* bag-scroll-image-3@2x.png in Resources */ = {isa = PBXBuildFile; fileRef = FECC21F11491B38A0019AEFC /* bag-scroll-image-3@2x.png */; };
		FECC21FA1491B38A0019AEFC /* bag-scroll-image-4.png in Resources */ = {isa = PBXBuildFile; fileRef = FECC21F21491B38A0019AEFC /* bag-scroll-image-4.png */; };
		FECC21FB1491B38A0019AEFC /* bag-scroll-image-4@2x.png in Resources */ = {isa = PBXBuildFile; fileRef = FECC21F31491B38A0019AEFC /* bag-scroll-image-4@2x.png */; };
		FECC22031491C7E90019AEFC /* global-header-back.png in Resources */ = {isa = PBXBuildFile; fileRef = FECC22011491C7E90019AEFC /* global-header-back.png */; };
		FECC22041491C7E90019AEFC /* global-header-back@2x.png in Resources */ = {isa = PBXBuildFile; fileRef = FECC22021491C7E90019AEFC /* global-header-back@2x.png */; };
		FED665121495FB9D00832D5A /* clothe-female.png in Resources */ = {isa = PBXBuildFile; fileRef = FED665101495FB9D00832D5A /* clothe-female.png */; };
		FED665131495FB9D00832D5A /* clothe-female@2x.png in Resources */ = {isa = PBXBuildFile; fileRef = FED665111495FB9D00832D5A /* clothe-female@2x.png */; };
		FED665171495FBB800832D5A /* clothe-male.png in Resources */ = {isa = PBXBuildFile; fileRef = FED665151495FBB800832D5A /* clothe-male.png */; };
		FED665181495FBB800832D5A /* clothe-male@2x.png in Resources */ = {isa = PBXBuildFile; fileRef = FED665161495FBB800832D5A /* clothe-male@2x.png */; };
		FED6651B1495FBC300832D5A /* clothe-hanger.png in Resources */ = {isa = PBXBuildFile; fileRef = FED665191495FBC300832D5A /* clothe-hanger.png */; };
		FED6651C1495FBC300832D5A /* clothe-hanger@2x.png in Resources */ = {isa = PBXBuildFile; fileRef = FED6651A1495FBC300832D5A /* clothe-hanger@2x.png */; };
		FED665201495FC5000832D5A /* PFIClotheSexViewController.m in Sources */ = {isa = PBXBuildFile; fileRef = FED6651E1495FC5000832D5A /* PFIClotheSexViewController.m */; };
		FED665231495FCB200832D5A /* PFIClotheSexViewController.xib in Resources */ = {isa = PBXBuildFile; fileRef = FED665221495FCB200832D5A /* PFIClotheSexViewController.xib */; };
		FED665251495FF0500832D5A /* ClotheSexData.plist in Resources */ = {isa = PBXBuildFile; fileRef = FED665241495FF0500832D5A /* ClotheSexData.plist */; };
		FED6652C1496021000832D5A /* clothe-female-highlight.png in Resources */ = {isa = PBXBuildFile; fileRef = FED665261496021000832D5A /* clothe-female-highlight.png */; };
		FED6652D1496021000832D5A /* clothe-female-highlight@2x.png in Resources */ = {isa = PBXBuildFile; fileRef = FED665271496021000832D5A /* clothe-female-highlight@2x.png */; };
		FED6652E1496021000832D5A /* clothe-hanger-highlight.png in Resources */ = {isa = PBXBuildFile; fileRef = FED665281496021000832D5A /* clothe-hanger-highlight.png */; };
		FED6652F1496021000832D5A /* clothe-hanger-highlight@2x.png in Resources */ = {isa = PBXBuildFile; fileRef = FED665291496021000832D5A /* clothe-hanger-highlight@2x.png */; };
		FED665301496021000832D5A /* clothe-male-highlight.png in Resources */ = {isa = PBXBuildFile; fileRef = FED6652A1496021000832D5A /* clothe-male-highlight.png */; };
		FED665311496021000832D5A /* clothe-male-highlight@2x.png in Resources */ = {isa = PBXBuildFile; fileRef = FED6652B1496021000832D5A /* clothe-male-highlight@2x.png */; };
		FEDF76C7148362B000623535 /* PFINavigationController.m in Sources */ = {isa = PBXBuildFile; fileRef = FEDF76C5148362B000623535 /* PFINavigationController.m */; };
		FEDFA76C147BB0520028A7E5 /* PFIBagViewController.xib in Resources */ = {isa = PBXBuildFile; fileRef = FEDFA762147BB0520028A7E5 /* PFIBagViewController.xib */; };
		FEDFA76D147BB0520028A7E5 /* PFICalendarViewController.xib in Resources */ = {isa = PBXBuildFile; fileRef = FEDFA763147BB0520028A7E5 /* PFICalendarViewController.xib */; };
		FEDFA76F147BB0520028A7E5 /* HomeData.plist in Resources */ = {isa = PBXBuildFile; fileRef = FEDFA765147BB0520028A7E5 /* HomeData.plist */; };
		FEDFA770147BB0520028A7E5 /* PFIHomeViewController.xib in Resources */ = {isa = PBXBuildFile; fileRef = FEDFA766147BB0520028A7E5 /* PFIHomeViewController.xib */; };
		FEDFA771147BB0520028A7E5 /* InfoPlist.strings in Resources */ = {isa = PBXBuildFile; fileRef = FEDFA767147BB0520028A7E5 /* InfoPlist.strings */; };
		FEDFA773147BB0520028A7E5 /* PFIRootViewController.xib in Resources */ = {isa = PBXBuildFile; fileRef = FEDFA769147BB0520028A7E5 /* PFIRootViewController.xib */; };
		FEDFA78A147BB05E0028A7E5 /* main.m in Sources */ = {isa = PBXBuildFile; fileRef = FEDFA777147BB05E0028A7E5 /* main.m */; };
		FEDFA78B147BB05E0028A7E5 /* PFIAppDelegate.m in Sources */ = {isa = PBXBuildFile; fileRef = FEDFA779147BB05E0028A7E5 /* PFIAppDelegate.m */; };
		FEDFA78C147BB05E0028A7E5 /* PFIBagViewController.m in Sources */ = {isa = PBXBuildFile; fileRef = FEDFA77C147BB05E0028A7E5 /* PFIBagViewController.m */; };
		FEDFA78D147BB05E0028A7E5 /* PFICalendarViewController.m in Sources */ = {isa = PBXBuildFile; fileRef = FEDFA77E147BB05E0028A7E5 /* PFICalendarViewController.m */; };
		FEDFA78F147BB05E0028A7E5 /* PFIHomeViewController.m in Sources */ = {isa = PBXBuildFile; fileRef = FEDFA782147BB05E0028A7E5 /* PFIHomeViewController.m */; };
		FEDFA791147BB05E0028A7E5 /* PFIRootViewController.m in Sources */ = {isa = PBXBuildFile; fileRef = FEDFA786147BB05E0028A7E5 /* PFIRootViewController.m */; };
		FEDFA792147BB05E0028A7E5 /* CustomBackground.m in Sources */ = {isa = PBXBuildFile; fileRef = FEDFA789147BB05E0028A7E5 /* CustomBackground.m */; };
		FEDFB5F4147F6742002E11BE /* clothe-bag.png in Resources */ = {isa = PBXBuildFile; fileRef = FEDFB5F3147F6742002E11BE /* clothe-bag.png */; };
		FEDFB5FD147F74B5002E11BE /* clothe-bag-hightlight.png in Resources */ = {isa = PBXBuildFile; fileRef = FEDFB5F5147F74B5002E11BE /* clothe-bag-hightlight.png */; };
		FEDFB5FE147F74B5002E11BE /* clothe-bag-hightlight@2x.png in Resources */ = {isa = PBXBuildFile; fileRef = FEDFB5F6147F74B5002E11BE /* clothe-bag-hightlight@2x.png */; };
		FEDFB5FF147F74B5002E11BE /* clothe-clothes-hightlight.png in Resources */ = {isa = PBXBuildFile; fileRef = FEDFB5F7147F74B5002E11BE /* clothe-clothes-hightlight.png */; };
		FEDFB600147F74B5002E11BE /* clothe-clothes-hightlight@2x.png in Resources */ = {isa = PBXBuildFile; fileRef = FEDFB5F8147F74B5002E11BE /* clothe-clothes-hightlight@2x.png */; };
		FEDFB601147F74B5002E11BE /* clothe-shoes-hightlight.png in Resources */ = {isa = PBXBuildFile; fileRef = FEDFB5F9147F74B5002E11BE /* clothe-shoes-hightlight.png */; };
		FEDFB602147F74B5002E11BE /* clothe-shoes-hightlight@2x.png in Resources */ = {isa = PBXBuildFile; fileRef = FEDFB5FA147F74B5002E11BE /* clothe-shoes-hightlight@2x.png */; };
		FEDFB603147F74B5002E11BE /* clothe-trousers-hightlight.png in Resources */ = {isa = PBXBuildFile; fileRef = FEDFB5FB147F74B5002E11BE /* clothe-trousers-hightlight.png */; };
		FEDFB604147F74B5002E11BE /* clothe-trousers-hightlight@2x.png in Resources */ = {isa = PBXBuildFile; fileRef = FEDFB5FC147F74B5002E11BE /* clothe-trousers-hightlight@2x.png */; };
		FEDFB606147F774B002E11BE /* clothe-shoes.png in Resources */ = {isa = PBXBuildFile; fileRef = FEDFB605147F774B002E11BE /* clothe-shoes.png */; };
		FEE327221488A57500B68517 /* PFIGradientButton.m in Sources */ = {isa = PBXBuildFile; fileRef = FEE327211488A57500B68517 /* PFIGradientButton.m */; };
		FEFFF6F31484B91F00F614C0 /* PFIClotheGridViewController.m in Sources */ = {isa = PBXBuildFile; fileRef = FEFFF6F11484B91F00F614C0 /* PFIClotheGridViewController.m */; };
		FEFFF6F71484B99A00F614C0 /* PFIClotheGridViewController.xib in Resources */ = {isa = PBXBuildFile; fileRef = FEFFF6F61484B99A00F614C0 /* PFIClotheGridViewController.xib */; };
		FEFFF6FE1484C40A00F614C0 /* clothe-gridview-cell-1.png in Resources */ = {isa = PBXBuildFile; fileRef = FEFFF6F81484C40A00F614C0 /* clothe-gridview-cell-1.png */; };
		FEFFF6FF1484C40A00F614C0 /* clothe-gridview-cell-1@2x.png in Resources */ = {isa = PBXBuildFile; fileRef = FEFFF6F91484C40A00F614C0 /* clothe-gridview-cell-1@2x.png */; };
		FEFFF7001484C40A00F614C0 /* clothe-gridview-cell-2.png in Resources */ = {isa = PBXBuildFile; fileRef = FEFFF6FA1484C40A00F614C0 /* clothe-gridview-cell-2.png */; };
		FEFFF7011484C40A00F614C0 /* clothe-gridview-cell-2@2x.png in Resources */ = {isa = PBXBuildFile; fileRef = FEFFF6FB1484C40A00F614C0 /* clothe-gridview-cell-2@2x.png */; };
		FEFFF7021484C40A00F614C0 /* clothe-gridview-cell-3.png in Resources */ = {isa = PBXBuildFile; fileRef = FEFFF6FC1484C40A00F614C0 /* clothe-gridview-cell-3.png */; };
		FEFFF7031484C40A00F614C0 /* clothe-gridview-cell-3@2x.png in Resources */ = {isa = PBXBuildFile; fileRef = FEFFF6FD1484C40A00F614C0 /* clothe-gridview-cell-3@2x.png */; };
		FEFFF7051484C44800F614C0 /* ClotheGridViewData.plist in Resources */ = {isa = PBXBuildFile; fileRef = FEFFF7041484C44800F614C0 /* ClotheGridViewData.plist */; };
		FEFFF7081484D80B00F614C0 /* clothe-gridview-seperation-line.png in Resources */ = {isa = PBXBuildFile; fileRef = FEFFF7061484D80B00F614C0 /* clothe-gridview-seperation-line.png */; };
		FEFFF7091484D80B00F614C0 /* clothe-gridview-seperation-line@2x.png in Resources */ = {isa = PBXBuildFile; fileRef = FEFFF7071484D80B00F614C0 /* clothe-gridview-seperation-line@2x.png */; };
		FFAC226E147CA7CC00FA37B8 /* calendar-image-1.jpg in Resources */ = {isa = PBXBuildFile; fileRef = FFAC223E147CA7CC00FA37B8 /* calendar-image-1.jpg */; };
		FFAC226F147CA7CC00FA37B8 /* calendar-image-1@2x.jpg in Resources */ = {isa = PBXBuildFile; fileRef = FFAC223F147CA7CC00FA37B8 /* calendar-image-1@2x.jpg */; };
		FFAC2270147CA7CC00FA37B8 /* calendar-image-2.jpg in Resources */ = {isa = PBXBuildFile; fileRef = FFAC2240147CA7CC00FA37B8 /* calendar-image-2.jpg */; };
		FFAC2271147CA7CC00FA37B8 /* calendar-image-2@2x.jpg in Resources */ = {isa = PBXBuildFile; fileRef = FFAC2241147CA7CC00FA37B8 /* calendar-image-2@2x.jpg */; };
		FFAC2272147CA7CC00FA37B8 /* calendar-image-3.jpg in Resources */ = {isa = PBXBuildFile; fileRef = FFAC2242147CA7CC00FA37B8 /* calendar-image-3.jpg */; };
		FFAC2273147CA7CC00FA37B8 /* calendar-image-3@2x.jpg in Resources */ = {isa = PBXBuildFile; fileRef = FFAC2243147CA7CC00FA37B8 /* calendar-image-3@2x.jpg */; };
		FFAC2274147CA7CC00FA37B8 /* global-footer-background.png in Resources */ = {isa = PBXBuildFile; fileRef = FFAC2245147CA7CC00FA37B8 /* global-footer-background.png */; };
		FFAC2275147CA7CC00FA37B8 /* global-footer-background@2x.png in Resources */ = {isa = PBXBuildFile; fileRef = FFAC2246147CA7CC00FA37B8 /* global-footer-background@2x.png */; };
		FFAC2276147CA7CC00FA37B8 /* global-footer-bag-on.png in Resources */ = {isa = PBXBuildFile; fileRef = FFAC2247147CA7CC00FA37B8 /* global-footer-bag-on.png */; };
		FFAC2277147CA7CC00FA37B8 /* global-footer-bag-on@2x.png in Resources */ = {isa = PBXBuildFile; fileRef = FFAC2248147CA7CC00FA37B8 /* global-footer-bag-on@2x.png */; };
		FFAC2278147CA7CC00FA37B8 /* global-footer-bag.png in Resources */ = {isa = PBXBuildFile; fileRef = FFAC2249147CA7CC00FA37B8 /* global-footer-bag.png */; };
		FFAC2279147CA7CC00FA37B8 /* global-footer-bag@2x.png in Resources */ = {isa = PBXBuildFile; fileRef = FFAC224A147CA7CC00FA37B8 /* global-footer-bag@2x.png */; };
		FFAC227A147CA7CC00FA37B8 /* global-footer-calendar-on.png in Resources */ = {isa = PBXBuildFile; fileRef = FFAC224B147CA7CC00FA37B8 /* global-footer-calendar-on.png */; };
		FFAC227B147CA7CC00FA37B8 /* global-footer-calendar-on@2x.png in Resources */ = {isa = PBXBuildFile; fileRef = FFAC224C147CA7CC00FA37B8 /* global-footer-calendar-on@2x.png */; };
		FFAC227C147CA7CC00FA37B8 /* global-footer-calendar.png in Resources */ = {isa = PBXBuildFile; fileRef = FFAC224D147CA7CC00FA37B8 /* global-footer-calendar.png */; };
		FFAC227D147CA7CC00FA37B8 /* global-footer-calendar@2x.png in Resources */ = {isa = PBXBuildFile; fileRef = FFAC224E147CA7CC00FA37B8 /* global-footer-calendar@2x.png */; };
		FFAC227E147CA7CC00FA37B8 /* global-footer-cloth-on.png in Resources */ = {isa = PBXBuildFile; fileRef = FFAC224F147CA7CC00FA37B8 /* global-footer-cloth-on.png */; };
		FFAC227F147CA7CC00FA37B8 /* global-footer-cloth-on@2x.png in Resources */ = {isa = PBXBuildFile; fileRef = FFAC2250147CA7CC00FA37B8 /* global-footer-cloth-on@2x.png */; };
		FFAC2280147CA7CC00FA37B8 /* global-footer-cloth.png in Resources */ = {isa = PBXBuildFile; fileRef = FFAC2251147CA7CC00FA37B8 /* global-footer-cloth.png */; };
		FFAC2281147CA7CC00FA37B8 /* global-footer-cloth@2x.png in Resources */ = {isa = PBXBuildFile; fileRef = FFAC2252147CA7CC00FA37B8 /* global-footer-cloth@2x.png */; };
		FFAC2282147CA7CC00FA37B8 /* global-footer-home-on.png in Resources */ = {isa = PBXBuildFile; fileRef = FFAC2253147CA7CC00FA37B8 /* global-footer-home-on.png */; };
		FFAC2283147CA7CC00FA37B8 /* global-footer-home-on@2x.png in Resources */ = {isa = PBXBuildFile; fileRef = FFAC2254147CA7CC00FA37B8 /* global-footer-home-on@2x.png */; };
		FFAC2284147CA7CC00FA37B8 /* global-footer-home.png in Resources */ = {isa = PBXBuildFile; fileRef = FFAC2255147CA7CC00FA37B8 /* global-footer-home.png */; };
		FFAC2285147CA7CC00FA37B8 /* global-footer-home@2x.png in Resources */ = {isa = PBXBuildFile; fileRef = FFAC2256147CA7CC00FA37B8 /* global-footer-home@2x.png */; };
		FFAC2286147CA7CC00FA37B8 /* global-footer-map-on.png in Resources */ = {isa = PBXBuildFile; fileRef = FFAC2257147CA7CC00FA37B8 /* global-footer-map-on.png */; };
		FFAC2287147CA7CC00FA37B8 /* global-footer-map-on@2x.png in Resources */ = {isa = PBXBuildFile; fileRef = FFAC2258147CA7CC00FA37B8 /* global-footer-map-on@2x.png */; };
		FFAC2288147CA7CC00FA37B8 /* global-footer-map.png in Resources */ = {isa = PBXBuildFile; fileRef = FFAC2259147CA7CC00FA37B8 /* global-footer-map.png */; };
		FFAC2289147CA7CC00FA37B8 /* global-footer-map@2x.png in Resources */ = {isa = PBXBuildFile; fileRef = FFAC225A147CA7CC00FA37B8 /* global-footer-map@2x.png */; };
		FFAC228A147CA7CC00FA37B8 /* global-header-background.png in Resources */ = {isa = PBXBuildFile; fileRef = FFAC225B147CA7CC00FA37B8 /* global-header-background.png */; };
		FFAC228B147CA7CC00FA37B8 /* global-header-background@2x.png in Resources */ = {isa = PBXBuildFile; fileRef = FFAC225C147CA7CC00FA37B8 /* global-header-background@2x.png */; };
		FFAC228C147CA7CC00FA37B8 /* global-header-button-refresh-on.png in Resources */ = {isa = PBXBuildFile; fileRef = FFAC225D147CA7CC00FA37B8 /* global-header-button-refresh-on.png */; };
		FFAC228D147CA7CC00FA37B8 /* global-header-button-refresh-on@2x.png in Resources */ = {isa = PBXBuildFile; fileRef = FFAC225E147CA7CC00FA37B8 /* global-header-button-refresh-on@2x.png */; };
		FFAC228E147CA7CC00FA37B8 /* global-header-button-refresh.png in Resources */ = {isa = PBXBuildFile; fileRef = FFAC225F147CA7CC00FA37B8 /* global-header-button-refresh.png */; };
		FFAC228F147CA7CC00FA37B8 /* global-header-button-refresh@2x.png in Resources */ = {isa = PBXBuildFile; fileRef = FFAC2260147CA7CC00FA37B8 /* global-header-button-refresh@2x.png */; };
		FFAC2290147CA7CC00FA37B8 /* global-header-refresh-background.png in Resources */ = {isa = PBXBuildFile; fileRef = FFAC2261147CA7CC00FA37B8 /* global-header-refresh-background.png */; };
		FFAC2291147CA7CC00FA37B8 /* global-header-refresh-background@2x.png in Resources */ = {isa = PBXBuildFile; fileRef = FFAC2262147CA7CC00FA37B8 /* global-header-refresh-background@2x.png */; };
		FFAC2292147CA7CC00FA37B8 /* global-header-title.png in Resources */ = {isa = PBXBuildFile; fileRef = FFAC2263147CA7CC00FA37B8 /* global-header-title.png */; };
		FFAC2293147CA7CC00FA37B8 /* global-header-title@2x.png in Resources */ = {isa = PBXBuildFile; fileRef = FFAC2264147CA7CC00FA37B8 /* global-header-title@2x.png */; };
		FFAC229E147CA93600FA37B8 /* global-header-shadow.png in Resources */ = {isa = PBXBuildFile; fileRef = FFAC229C147CA93600FA37B8 /* global-header-shadow.png */; };
		FFAC229F147CA93600FA37B8 /* global-header-shadow@2x.png in Resources */ = {isa = PBXBuildFile; fileRef = FFAC229D147CA93600FA37B8 /* global-header-shadow@2x.png */; };
/* End PBXBuildFile section */

/* Begin PBXFileReference section */
		FE00EA40147E104B00874935 /* PFIHomeTableViewCell.h */ = {isa = PBXFileReference; fileEncoding = 4; lastKnownFileType = sourcecode.c.h; path = PFIHomeTableViewCell.h; sourceTree = "<group>"; };
		FE00EA41147E104B00874935 /* PFIHomeTableViewCell.m */ = {isa = PBXFileReference; fileEncoding = 4; lastKnownFileType = sourcecode.c.objc; path = PFIHomeTableViewCell.m; sourceTree = "<group>"; };
		FE00EA4E147E313600874935 /* dataBase.plist */ = {isa = PBXFileReference; fileEncoding = 4; lastKnownFileType = text.plist.xml; path = dataBase.plist; sourceTree = "<group>"; };
		FE00EA55147E4BE300874935 /* PFIClotheViewController.h */ = {isa = PBXFileReference; fileEncoding = 4; lastKnownFileType = sourcecode.c.h; path = PFIClotheViewController.h; sourceTree = "<group>"; };
		FE00EA56147E4BE300874935 /* PFIClotheViewController.m */ = {isa = PBXFileReference; fileEncoding = 4; lastKnownFileType = sourcecode.c.objc; path = PFIClotheViewController.m; sourceTree = "<group>"; };
		FE00EA5A147E4C3D00874935 /* PFIClotheViewController.xib */ = {isa = PBXFileReference; fileEncoding = 4; lastKnownFileType = file.xib; path = PFIClotheViewController.xib; sourceTree = "<group>"; };
		FE00EA5C147E4F8C00874935 /* PFIClotheTableViewCell.h */ = {isa = PBXFileReference; fileEncoding = 4; lastKnownFileType = sourcecode.c.h; path = PFIClotheTableViewCell.h; sourceTree = "<group>"; };
		FE00EA5D147E4F8C00874935 /* PFIClotheTableViewCell.m */ = {isa = PBXFileReference; fileEncoding = 4; lastKnownFileType = sourcecode.c.objc; path = PFIClotheTableViewCell.m; sourceTree = "<group>"; };
		FE00EA5F147E50A200874935 /* ClotheData.plist */ = {isa = PBXFileReference; fileEncoding = 4; lastKnownFileType = text.plist.xml; path = ClotheData.plist; sourceTree = "<group>"; };
		FE00EA62147E5C8D00874935 /* clothe-bag@2x.png */ = {isa = PBXFileReference; lastKnownFileType = image.png; path = "clothe-bag@2x.png"; sourceTree = "<group>"; };
		FE00EA63147E5C8D00874935 /* clothe-clothes.png */ = {isa = PBXFileReference; lastKnownFileType = image.png; path = "clothe-clothes.png"; sourceTree = "<group>"; };
		FE00EA64147E5C8D00874935 /* clothe-clothes@2x.png */ = {isa = PBXFileReference; lastKnownFileType = image.png; path = "clothe-clothes@2x.png"; sourceTree = "<group>"; };
		FE00EA66147E5C8D00874935 /* clothe-shoes@2x.png */ = {isa = PBXFileReference; lastKnownFileType = image.png; path = "clothe-shoes@2x.png"; sourceTree = "<group>"; };
		FE00EA67147E5C8D00874935 /* clothe-trousers.png */ = {isa = PBXFileReference; lastKnownFileType = image.png; path = "clothe-trousers.png"; sourceTree = "<group>"; };
		FE00EA68147E5C8D00874935 /* clothe-trousers@2x.png */ = {isa = PBXFileReference; lastKnownFileType = image.png; path = "clothe-trousers@2x.png"; sourceTree = "<group>"; };
		FE4B0F9D147CE340003CEDFD /* home-background-tableview.png */ = {isa = PBXFileReference; lastKnownFileType = image.png; path = "home-background-tableview.png"; sourceTree = "<group>"; };
		FE4B0F9E147CE340003CEDFD /* home-background-tableview@2x.png */ = {isa = PBXFileReference; lastKnownFileType = image.png; path = "home-background-tableview@2x.png"; sourceTree = "<group>"; };
		FE4B0F9F147CE340003CEDFD /* home-icon-cell-1.png */ = {isa = PBXFileReference; lastKnownFileType = image.png; path = "home-icon-cell-1.png"; sourceTree = "<group>"; };
		FE4B0FA0147CE340003CEDFD /* home-icon-cell-1@2x.png */ = {isa = PBXFileReference; lastKnownFileType = image.png; path = "home-icon-cell-1@2x.png"; sourceTree = "<group>"; };
		FE4B0FA1147CE340003CEDFD /* home-icon-cell-2.png */ = {isa = PBXFileReference; lastKnownFileType = image.png; path = "home-icon-cell-2.png"; sourceTree = "<group>"; };
		FE4B0FA2147CE340003CEDFD /* home-icon-cell-2@2x.png */ = {isa = PBXFileReference; lastKnownFileType = image.png; path = "home-icon-cell-2@2x.png"; sourceTree = "<group>"; };
		FE4B0FA3147CE340003CEDFD /* home-icon-cell-3.png */ = {isa = PBXFileReference; lastKnownFileType = image.png; path = "home-icon-cell-3.png"; sourceTree = "<group>"; };
		FE4B0FA4147CE340003CEDFD /* home-icon-cell-3@2x.png */ = {isa = PBXFileReference; lastKnownFileType = image.png; path = "home-icon-cell-3@2x.png"; sourceTree = "<group>"; };
		FE4B0FAD147CEFD2003CEDFD /* home-background-cell.png */ = {isa = PBXFileReference; lastKnownFileType = image.png; path = "home-background-cell.png"; sourceTree = "<group>"; };
		FE4B0FAE147CEFD2003CEDFD /* home-background-cell@2x.png */ = {isa = PBXFileReference; lastKnownFileType = image.png; path = "home-background-cell@2x.png"; sourceTree = "<group>"; };
		FE4B0FB1147CF36D003CEDFD /* CustomCellBackground.h */ = {isa = PBXFileReference; fileEncoding = 4; lastKnownFileType = sourcecode.c.h; path = CustomCellBackground.h; sourceTree = "<group>"; };
		FE4B0FB2147CF36D003CEDFD /* CustomCellBackground.m */ = {isa = PBXFileReference; fileEncoding = 4; lastKnownFileType = sourcecode.c.objc; path = CustomCellBackground.m; sourceTree = "<group>"; };
		FE81FEB0148692B0007E3F63 /* clothe-gridview-cell-hightlight.png */ = {isa = PBXFileReference; lastKnownFileType = image.png; path = "clothe-gridview-cell-hightlight.png"; sourceTree = "<group>"; };
		FE81FEB1148692B0007E3F63 /* clothe-gridview-cell-hightlight@2x.png */ = {isa = PBXFileReference; lastKnownFileType = image.png; path = "clothe-gridview-cell-hightlight@2x.png"; sourceTree = "<group>"; };
		FE81FEC01486A708007E3F63 /* PFIClotheGridViewCellDetail.h */ = {isa = PBXFileReference; fileEncoding = 4; lastKnownFileType = sourcecode.c.h; path = PFIClotheGridViewCellDetail.h; sourceTree = "<group>"; };
		FE81FEC11486A708007E3F63 /* PFIClotheGridViewCellDetail.m */ = {isa = PBXFileReference; fileEncoding = 4; lastKnownFileType = sourcecode.c.objc; path = PFIClotheGridViewCellDetail.m; sourceTree = "<group>"; };
		FE81FEC51486A74A007E3F63 /* PFIClotheGridViewCellDetail.xib */ = {isa = PBXFileReference; fileEncoding = 4; lastKnownFileType = file.xib; path = PFIClotheGridViewCellDetail.xib; sourceTree = "<group>"; };
		FE852950148DED8600B0113B /* MapDataItem.plist */ = {isa = PBXFileReference; fileEncoding = 4; lastKnownFileType = text.plist.xml; path = MapDataItem.plist; sourceTree = "<group>"; };
		FE852954148DF03B00B0113B /* map-icon-1.png */ = {isa = PBXFileReference; lastKnownFileType = image.png; path = "map-icon-1.png"; sourceTree = "<group>"; };
		FE852955148DF03B00B0113B /* map-icon-1@2x.png */ = {isa = PBXFileReference; lastKnownFileType = image.png; path = "map-icon-1@2x.png"; sourceTree = "<group>"; };
		FE852956148DF03B00B0113B /* map-icon-2.png */ = {isa = PBXFileReference; lastKnownFileType = image.png; path = "map-icon-2.png"; sourceTree = "<group>"; };
		FE852957148DF03B00B0113B /* map-icon-2@2x.png */ = {isa = PBXFileReference; lastKnownFileType = image.png; path = "map-icon-2@2x.png"; sourceTree = "<group>"; };
		FE85295C148DF0A400B0113B /* PFIMapViewController.h */ = {isa = PBXFileReference; fileEncoding = 4; lastKnownFileType = sourcecode.c.h; path = PFIMapViewController.h; sourceTree = "<group>"; };
		FE85295D148DF0A400B0113B /* PFIMapViewController.m */ = {isa = PBXFileReference; fileEncoding = 4; lastKnownFileType = sourcecode.c.objc; path = PFIMapViewController.m; sourceTree = "<group>"; };
		FE852961148DF0E600B0113B /* PFIMapViewController.xib */ = {isa = PBXFileReference; fileEncoding = 4; lastKnownFileType = file.xib; path = PFIMapViewController.xib; sourceTree = "<group>"; };
		FE852963148DF30200B0113B /* PFIMapTableViewCell.h */ = {isa = PBXFileReference; fileEncoding = 4; lastKnownFileType = sourcecode.c.h; path = PFIMapTableViewCell.h; sourceTree = "<group>"; };
		FE852964148DF30200B0113B /* PFIMapTableViewCell.m */ = {isa = PBXFileReference; fileEncoding = 4; lastKnownFileType = sourcecode.c.objc; path = PFIMapTableViewCell.m; sourceTree = "<group>"; };
		FE85296A148E02A100B0113B /* MapKit.framework */ = {isa = PBXFileReference; lastKnownFileType = wrapper.framework; name = MapKit.framework; path = System/Library/Frameworks/MapKit.framework; sourceTree = SDKROOT; };
		FE85296D148E099F00B0113B /* PFIMapDetailViewController.h */ = {isa = PBXFileReference; fileEncoding = 4; lastKnownFileType = sourcecode.c.h; path = PFIMapDetailViewController.h; sourceTree = "<group>"; };
		FE85296E148E099F00B0113B /* PFIMapDetailViewController.m */ = {isa = PBXFileReference; fileEncoding = 4; lastKnownFileType = sourcecode.c.objc; path = PFIMapDetailViewController.m; sourceTree = "<group>"; };
		FE852972148E09E900B0113B /* PFIMapDetailViewController.xib */ = {isa = PBXFileReference; fileEncoding = 4; lastKnownFileType = file.xib; path = PFIMapDetailViewController.xib; sourceTree = "<group>"; };
		FE8AC5DB1487318600A7F867 /* clothe-gridview-under-line.png */ = {isa = PBXFileReference; lastKnownFileType = image.png; path = "clothe-gridview-under-line.png"; sourceTree = "<group>"; };
		FE8AC5DC1487318600A7F867 /* clothe-gridview-under-line@2x.png */ = {isa = PBXFileReference; lastKnownFileType = image.png; path = "clothe-gridview-under-line@2x.png"; sourceTree = "<group>"; };
		FE8AC5E014876AD600A7F867 /* clothe-girdview-detail-shadow.png */ = {isa = PBXFileReference; lastKnownFileType = image.png; path = "clothe-girdview-detail-shadow.png"; sourceTree = "<group>"; };
		FE8AC5E314876AD600A7F867 /* clothe-gridview-detail-1-silverImage.png */ = {isa = PBXFileReference; lastKnownFileType = image.png; path = "clothe-gridview-detail-1-silverImage.png"; sourceTree = "<group>"; };
		FE8AC5E414876AD600A7F867 /* clothe-gridview-detail-1-silverImage@2x.png */ = {isa = PBXFileReference; lastKnownFileType = image.png; path = "clothe-gridview-detail-1-silverImage@2x.png"; sourceTree = "<group>"; };
		FE8AC5E514876AD600A7F867 /* clothe-gridview-detail-1-thumnail1.png */ = {isa = PBXFileReference; lastKnownFileType = image.png; path = "clothe-gridview-detail-1-thumnail1.png"; sourceTree = "<group>"; };
		FE8AC5E614876AD600A7F867 /* clothe-gridview-detail-1-thumnail1@2x.png */ = {isa = PBXFileReference; lastKnownFileType = image.png; path = "clothe-gridview-detail-1-thumnail1@2x.png"; sourceTree = "<group>"; };
		FE8AC5E714876AD600A7F867 /* clothe-gridview-detail-button-color-orange.png */ = {isa = PBXFileReference; lastKnownFileType = image.png; path = "clothe-gridview-detail-button-color-orange.png"; sourceTree = "<group>"; };
		FE8AC5E814876AD600A7F867 /* clothe-gridview-detail-button-color-orange@2x.png */ = {isa = PBXFileReference; lastKnownFileType = image.png; path = "clothe-gridview-detail-button-color-orange@2x.png"; sourceTree = "<group>"; };
		FE8AC5E914876AD600A7F867 /* clothe-gridview-detail-button-color-silver.png */ = {isa = PBXFileReference; lastKnownFileType = image.png; path = "clothe-gridview-detail-button-color-silver.png"; sourceTree = "<group>"; };
		FE8AC5EA14876AD600A7F867 /* clothe-gridview-detail-button-color-silver@2x.png */ = {isa = PBXFileReference; lastKnownFileType = image.png; path = "clothe-gridview-detail-button-color-silver@2x.png"; sourceTree = "<group>"; };
		FE8AC5EB14876AD600A7F867 /* clothe-gridview-detail-content-background.png */ = {isa = PBXFileReference; lastKnownFileType = image.png; path = "clothe-gridview-detail-content-background.png"; sourceTree = "<group>"; };
		FE8AC5EC14876AD600A7F867 /* clothe-gridview-detail-content-background@2x.png */ = {isa = PBXFileReference; lastKnownFileType = image.png; path = "clothe-gridview-detail-content-background@2x.png"; sourceTree = "<group>"; };
		FE8AC5ED14876AD600A7F867 /* clothe-gridview-detail-shadow@2x.png */ = {isa = PBXFileReference; lastKnownFileType = image.png; path = "clothe-gridview-detail-shadow@2x.png"; sourceTree = "<group>"; };
		FE8AC5FC14876B4000A7F867 /* clothe-gridview-detail-1-orangeImage.png */ = {isa = PBXFileReference; lastKnownFileType = image.png; path = "clothe-gridview-detail-1-orangeImage.png"; sourceTree = "<group>"; };
		FE8AC5FD14876B4000A7F867 /* clothe-gridview-detail-1-orangeImage@2x.png */ = {isa = PBXFileReference; lastKnownFileType = image.png; path = "clothe-gridview-detail-1-orangeImage@2x.png"; sourceTree = "<group>"; };
		FEBD195A1486008700692310 /* PFIClotheGridViewCell.h */ = {isa = PBXFileReference; fileEncoding = 4; lastKnownFileType = sourcecode.c.h; path = PFIClotheGridViewCell.h; sourceTree = "<group>"; };
		FEBD195B1486008700692310 /* PFIClotheGridViewCell.m */ = {isa = PBXFileReference; fileEncoding = 4; lastKnownFileType = sourcecode.c.objc; path = PFIClotheGridViewCell.m; sourceTree = "<group>"; };
		FEBF460C14761F1F004C0525 /* SampleInterface.app */ = {isa = PBXFileReference; explicitFileType = wrapper.application; includeInIndex = 0; path = SampleInterface.app; sourceTree = BUILT_PRODUCTS_DIR; };
		FEBF461014761F1F004C0525 /* UIKit.framework */ = {isa = PBXFileReference; lastKnownFileType = wrapper.framework; name = UIKit.framework; path = System/Library/Frameworks/UIKit.framework; sourceTree = SDKROOT; };
		FEBF461214761F1F004C0525 /* Foundation.framework */ = {isa = PBXFileReference; lastKnownFileType = wrapper.framework; name = Foundation.framework; path = System/Library/Frameworks/Foundation.framework; sourceTree = SDKROOT; };
		FEBF461414761F1F004C0525 /* CoreGraphics.framework */ = {isa = PBXFileReference; lastKnownFileType = wrapper.framework; name = CoreGraphics.framework; path = System/Library/Frameworks/CoreGraphics.framework; sourceTree = SDKROOT; };
		FECA05931497403500EDC03C /* PFIDataManager.h */ = {isa = PBXFileReference; fileEncoding = 4; lastKnownFileType = sourcecode.c.h; path = PFIDataManager.h; sourceTree = "<group>"; };
		FECA05941497403500EDC03C /* PFIDataManager.m */ = {isa = PBXFileReference; fileEncoding = 4; lastKnownFileType = sourcecode.c.objc; path = PFIDataManager.m; sourceTree = "<group>"; };
		FECC21EC1491B38A0019AEFC /* bag-scroll-image-1.png */ = {isa = PBXFileReference; lastKnownFileType = image.png; path = "bag-scroll-image-1.png"; sourceTree = "<group>"; };
		FECC21ED1491B38A0019AEFC /* bag-scroll-image-1@2x.png */ = {isa = PBXFileReference; lastKnownFileType = image.png; path = "bag-scroll-image-1@2x.png"; sourceTree = "<group>"; };
		FECC21EE1491B38A0019AEFC /* bag-scroll-image-2.png */ = {isa = PBXFileReference; lastKnownFileType = image.png; path = "bag-scroll-image-2.png"; sourceTree = "<group>"; };
		FECC21EF1491B38A0019AEFC /* bag-scroll-image-2@2x.png */ = {isa = PBXFileReference; lastKnownFileType = image.png; path = "bag-scroll-image-2@2x.png"; sourceTree = "<group>"; };
		FECC21F01491B38A0019AEFC /* bag-scroll-image-3.png */ = {isa = PBXFileReference; lastKnownFileType = image.png; path = "bag-scroll-image-3.png"; sourceTree = "<group>"; };
		FECC21F11491B38A0019AEFC /* bag-scroll-image-3@2x.png */ = {isa = PBXFileReference; lastKnownFileType = image.png; path = "bag-scroll-image-3@2x.png"; sourceTree = "<group>"; };
		FECC21F21491B38A0019AEFC /* bag-scroll-image-4.png */ = {isa = PBXFileReference; lastKnownFileType = image.png; path = "bag-scroll-image-4.png"; sourceTree = "<group>"; };
		FECC21F31491B38A0019AEFC /* bag-scroll-image-4@2x.png */ = {isa = PBXFileReference; lastKnownFileType = image.png; path = "bag-scroll-image-4@2x.png"; sourceTree = "<group>"; };
		FECC22011491C7E90019AEFC /* global-header-back.png */ = {isa = PBXFileReference; lastKnownFileType = image.png; path = "global-header-back.png"; sourceTree = "<group>"; };
		FECC22021491C7E90019AEFC /* global-header-back@2x.png */ = {isa = PBXFileReference; lastKnownFileType = image.png; path = "global-header-back@2x.png"; sourceTree = "<group>"; };
		FED665101495FB9D00832D5A /* clothe-female.png */ = {isa = PBXFileReference; lastKnownFileType = image.png; path = "clothe-female.png"; sourceTree = "<group>"; };
		FED665111495FB9D00832D5A /* clothe-female@2x.png */ = {isa = PBXFileReference; lastKnownFileType = image.png; path = "clothe-female@2x.png"; sourceTree = "<group>"; };
		FED665151495FBB800832D5A /* clothe-male.png */ = {isa = PBXFileReference; lastKnownFileType = image.png; path = "clothe-male.png"; sourceTree = "<group>"; };
		FED665161495FBB800832D5A /* clothe-male@2x.png */ = {isa = PBXFileReference; lastKnownFileType = image.png; path = "clothe-male@2x.png"; sourceTree = "<group>"; };
		FED665191495FBC300832D5A /* clothe-hanger.png */ = {isa = PBXFileReference; lastKnownFileType = image.png; path = "clothe-hanger.png"; sourceTree = "<group>"; };
		FED6651A1495FBC300832D5A /* clothe-hanger@2x.png */ = {isa = PBXFileReference; lastKnownFileType = image.png; path = "clothe-hanger@2x.png"; sourceTree = "<group>"; };
		FED6651D1495FC5000832D5A /* PFIClotheSexViewController.h */ = {isa = PBXFileReference; fileEncoding = 4; lastKnownFileType = sourcecode.c.h; path = PFIClotheSexViewController.h; sourceTree = "<group>"; };
		FED6651E1495FC5000832D5A /* PFIClotheSexViewController.m */ = {isa = PBXFileReference; fileEncoding = 4; lastKnownFileType = sourcecode.c.objc; path = PFIClotheSexViewController.m; sourceTree = "<group>"; };
		FED665221495FCB200832D5A /* PFIClotheSexViewController.xib */ = {isa = PBXFileReference; fileEncoding = 4; lastKnownFileType = file.xib; path = PFIClotheSexViewController.xib; sourceTree = "<group>"; };
		FED665241495FF0500832D5A /* ClotheSexData.plist */ = {isa = PBXFileReference; fileEncoding = 4; lastKnownFileType = text.plist.xml; path = ClotheSexData.plist; sourceTree = "<group>"; };
		FED665261496021000832D5A /* clothe-female-highlight.png */ = {isa = PBXFileReference; lastKnownFileType = image.png; path = "clothe-female-highlight.png"; sourceTree = "<group>"; };
		FED665271496021000832D5A /* clothe-female-highlight@2x.png */ = {isa = PBXFileReference; lastKnownFileType = image.png; path = "clothe-female-highlight@2x.png"; sourceTree = "<group>"; };
		FED665281496021000832D5A /* clothe-hanger-highlight.png */ = {isa = PBXFileReference; lastKnownFileType = image.png; path = "clothe-hanger-highlight.png"; sourceTree = "<group>"; };
		FED665291496021000832D5A /* clothe-hanger-highlight@2x.png */ = {isa = PBXFileReference; lastKnownFileType = image.png; path = "clothe-hanger-highlight@2x.png"; sourceTree = "<group>"; };
		FED6652A1496021000832D5A /* clothe-male-highlight.png */ = {isa = PBXFileReference; lastKnownFileType = image.png; path = "clothe-male-highlight.png"; sourceTree = "<group>"; };
		FED6652B1496021000832D5A /* clothe-male-highlight@2x.png */ = {isa = PBXFileReference; lastKnownFileType = image.png; path = "clothe-male-highlight@2x.png"; sourceTree = "<group>"; };
		FEDF76C4148362B000623535 /* PFINavigationController.h */ = {isa = PBXFileReference; fileEncoding = 4; lastKnownFileType = sourcecode.c.h; path = PFINavigationController.h; sourceTree = "<group>"; };
		FEDF76C5148362B000623535 /* PFINavigationController.m */ = {isa = PBXFileReference; fileEncoding = 4; lastKnownFileType = sourcecode.c.objc; path = PFINavigationController.m; sourceTree = "<group>"; };
		FEDFA762147BB0520028A7E5 /* PFIBagViewController.xib */ = {isa = PBXFileReference; fileEncoding = 4; lastKnownFileType = file.xib; path = PFIBagViewController.xib; sourceTree = "<group>"; };
		FEDFA763147BB0520028A7E5 /* PFICalendarViewController.xib */ = {isa = PBXFileReference; fileEncoding = 4; lastKnownFileType = file.xib; path = PFICalendarViewController.xib; sourceTree = "<group>"; };
		FEDFA765147BB0520028A7E5 /* HomeData.plist */ = {isa = PBXFileReference; fileEncoding = 4; lastKnownFileType = text.plist.xml; path = HomeData.plist; sourceTree = "<group>"; };
		FEDFA766147BB0520028A7E5 /* PFIHomeViewController.xib */ = {isa = PBXFileReference; fileEncoding = 4; lastKnownFileType = file.xib; path = PFIHomeViewController.xib; sourceTree = "<group>"; };
		FEDFA767147BB0520028A7E5 /* InfoPlist.strings */ = {isa = PBXFileReference; fileEncoding = 4; lastKnownFileType = text.plist.strings; path = InfoPlist.strings; sourceTree = "<group>"; };
		FEDFA769147BB0520028A7E5 /* PFIRootViewController.xib */ = {isa = PBXFileReference; fileEncoding = 4; lastKnownFileType = file.xib; path = PFIRootViewController.xib; sourceTree = "<group>"; };
		FEDFA777147BB05E0028A7E5 /* main.m */ = {isa = PBXFileReference; fileEncoding = 4; lastKnownFileType = sourcecode.c.objc; path = main.m; sourceTree = "<group>"; };
		FEDFA778147BB05E0028A7E5 /* PFIAppDelegate.h */ = {isa = PBXFileReference; fileEncoding = 4; lastKnownFileType = sourcecode.c.h; path = PFIAppDelegate.h; sourceTree = "<group>"; };
		FEDFA779147BB05E0028A7E5 /* PFIAppDelegate.m */ = {isa = PBXFileReference; fileEncoding = 4; lastKnownFileType = sourcecode.c.objc; path = PFIAppDelegate.m; sourceTree = "<group>"; };
		FEDFA77B147BB05E0028A7E5 /* PFIBagViewController.h */ = {isa = PBXFileReference; fileEncoding = 4; lastKnownFileType = sourcecode.c.h; path = PFIBagViewController.h; sourceTree = "<group>"; };
		FEDFA77C147BB05E0028A7E5 /* PFIBagViewController.m */ = {isa = PBXFileReference; fileEncoding = 4; lastKnownFileType = sourcecode.c.objc; path = PFIBagViewController.m; sourceTree = "<group>"; };
		FEDFA77D147BB05E0028A7E5 /* PFICalendarViewController.h */ = {isa = PBXFileReference; fileEncoding = 4; lastKnownFileType = sourcecode.c.h; path = PFICalendarViewController.h; sourceTree = "<group>"; };
		FEDFA77E147BB05E0028A7E5 /* PFICalendarViewController.m */ = {isa = PBXFileReference; fileEncoding = 4; lastKnownFileType = sourcecode.c.objc; path = PFICalendarViewController.m; sourceTree = "<group>"; };
		FEDFA781147BB05E0028A7E5 /* PFIHomeViewController.h */ = {isa = PBXFileReference; fileEncoding = 4; lastKnownFileType = sourcecode.c.h; path = PFIHomeViewController.h; sourceTree = "<group>"; };
		FEDFA782147BB05E0028A7E5 /* PFIHomeViewController.m */ = {isa = PBXFileReference; fileEncoding = 4; lastKnownFileType = sourcecode.c.objc; path = PFIHomeViewController.m; sourceTree = "<group>"; };
		FEDFA785147BB05E0028A7E5 /* PFIRootViewController.h */ = {isa = PBXFileReference; fileEncoding = 4; lastKnownFileType = sourcecode.c.h; path = PFIRootViewController.h; sourceTree = "<group>"; };
		FEDFA786147BB05E0028A7E5 /* PFIRootViewController.m */ = {isa = PBXFileReference; fileEncoding = 4; lastKnownFileType = sourcecode.c.objc; path = PFIRootViewController.m; sourceTree = "<group>"; };
		FEDFA788147BB05E0028A7E5 /* CustomBackground.h */ = {isa = PBXFileReference; fileEncoding = 4; lastKnownFileType = sourcecode.c.h; path = CustomBackground.h; sourceTree = "<group>"; };
		FEDFA789147BB05E0028A7E5 /* CustomBackground.m */ = {isa = PBXFileReference; fileEncoding = 4; lastKnownFileType = sourcecode.c.objc; path = CustomBackground.m; sourceTree = "<group>"; };
		FEDFB5F3147F6742002E11BE /* clothe-bag.png */ = {isa = PBXFileReference; lastKnownFileType = image.png; path = "clothe-bag.png"; sourceTree = "<group>"; };
		FEDFB5F5147F74B5002E11BE /* clothe-bag-hightlight.png */ = {isa = PBXFileReference; lastKnownFileType = image.png; path = "clothe-bag-hightlight.png"; sourceTree = "<group>"; };
		FEDFB5F6147F74B5002E11BE /* clothe-bag-hightlight@2x.png */ = {isa = PBXFileReference; lastKnownFileType = image.png; path = "clothe-bag-hightlight@2x.png"; sourceTree = "<group>"; };
		FEDFB5F7147F74B5002E11BE /* clothe-clothes-hightlight.png */ = {isa = PBXFileReference; lastKnownFileType = image.png; path = "clothe-clothes-hightlight.png"; sourceTree = "<group>"; };
		FEDFB5F8147F74B5002E11BE /* clothe-clothes-hightlight@2x.png */ = {isa = PBXFileReference; lastKnownFileType = image.png; path = "clothe-clothes-hightlight@2x.png"; sourceTree = "<group>"; };
		FEDFB5F9147F74B5002E11BE /* clothe-shoes-hightlight.png */ = {isa = PBXFileReference; lastKnownFileType = image.png; path = "clothe-shoes-hightlight.png"; sourceTree = "<group>"; };
		FEDFB5FA147F74B5002E11BE /* clothe-shoes-hightlight@2x.png */ = {isa = PBXFileReference; lastKnownFileType = image.png; path = "clothe-shoes-hightlight@2x.png"; sourceTree = "<group>"; };
		FEDFB5FB147F74B5002E11BE /* clothe-trousers-hightlight.png */ = {isa = PBXFileReference; lastKnownFileType = image.png; path = "clothe-trousers-hightlight.png"; sourceTree = "<group>"; };
		FEDFB5FC147F74B5002E11BE /* clothe-trousers-hightlight@2x.png */ = {isa = PBXFileReference; lastKnownFileType = image.png; path = "clothe-trousers-hightlight@2x.png"; sourceTree = "<group>"; };
		FEDFB605147F774B002E11BE /* clothe-shoes.png */ = {isa = PBXFileReference; lastKnownFileType = image.png; path = "clothe-shoes.png"; sourceTree = "<group>"; };
		FEE327201488A57500B68517 /* PFIGradientButton.h */ = {isa = PBXFileReference; fileEncoding = 4; lastKnownFileType = sourcecode.c.h; path = PFIGradientButton.h; sourceTree = "<group>"; };
		FEE327211488A57500B68517 /* PFIGradientButton.m */ = {isa = PBXFileReference; fileEncoding = 4; lastKnownFileType = sourcecode.c.objc; path = PFIGradientButton.m; sourceTree = "<group>"; };
		FEFFF6F01484B91F00F614C0 /* PFIClotheGridViewController.h */ = {isa = PBXFileReference; fileEncoding = 4; lastKnownFileType = sourcecode.c.h; path = PFIClotheGridViewController.h; sourceTree = "<group>"; };
		FEFFF6F11484B91F00F614C0 /* PFIClotheGridViewController.m */ = {isa = PBXFileReference; fileEncoding = 4; lastKnownFileType = sourcecode.c.objc; path = PFIClotheGridViewController.m; sourceTree = "<group>"; };
		FEFFF6F61484B99A00F614C0 /* PFIClotheGridViewController.xib */ = {isa = PBXFileReference; fileEncoding = 4; lastKnownFileType = file.xib; path = PFIClotheGridViewController.xib; sourceTree = "<group>"; };
		FEFFF6F81484C40A00F614C0 /* clothe-gridview-cell-1.png */ = {isa = PBXFileReference; lastKnownFileType = image.png; path = "clothe-gridview-cell-1.png"; sourceTree = "<group>"; };
		FEFFF6F91484C40A00F614C0 /* clothe-gridview-cell-1@2x.png */ = {isa = PBXFileReference; lastKnownFileType = image.png; path = "clothe-gridview-cell-1@2x.png"; sourceTree = "<group>"; };
		FEFFF6FA1484C40A00F614C0 /* clothe-gridview-cell-2.png */ = {isa = PBXFileReference; lastKnownFileType = image.png; path = "clothe-gridview-cell-2.png"; sourceTree = "<group>"; };
		FEFFF6FB1484C40A00F614C0 /* clothe-gridview-cell-2@2x.png */ = {isa = PBXFileReference; lastKnownFileType = image.png; path = "clothe-gridview-cell-2@2x.png"; sourceTree = "<group>"; };
		FEFFF6FC1484C40A00F614C0 /* clothe-gridview-cell-3.png */ = {isa = PBXFileReference; lastKnownFileType = image.png; path = "clothe-gridview-cell-3.png"; sourceTree = "<group>"; };
		FEFFF6FD1484C40A00F614C0 /* clothe-gridview-cell-3@2x.png */ = {isa = PBXFileReference; lastKnownFileType = image.png; path = "clothe-gridview-cell-3@2x.png"; sourceTree = "<group>"; };
		FEFFF7041484C44800F614C0 /* ClotheGridViewData.plist */ = {isa = PBXFileReference; fileEncoding = 4; lastKnownFileType = text.plist.xml; path = ClotheGridViewData.plist; sourceTree = "<group>"; };
		FEFFF7061484D80B00F614C0 /* clothe-gridview-seperation-line.png */ = {isa = PBXFileReference; lastKnownFileType = image.png; path = "clothe-gridview-seperation-line.png"; sourceTree = "<group>"; };
		FEFFF7071484D80B00F614C0 /* clothe-gridview-seperation-line@2x.png */ = {isa = PBXFileReference; lastKnownFileType = image.png; path = "clothe-gridview-seperation-line@2x.png"; sourceTree = "<group>"; };
		FFAC223E147CA7CC00FA37B8 /* calendar-image-1.jpg */ = {isa = PBXFileReference; lastKnownFileType = image.jpeg; path = "calendar-image-1.jpg"; sourceTree = "<group>"; };
		FFAC223F147CA7CC00FA37B8 /* calendar-image-1@2x.jpg */ = {isa = PBXFileReference; lastKnownFileType = image.jpeg; path = "calendar-image-1@2x.jpg"; sourceTree = "<group>"; };
		FFAC2240147CA7CC00FA37B8 /* calendar-image-2.jpg */ = {isa = PBXFileReference; lastKnownFileType = image.jpeg; path = "calendar-image-2.jpg"; sourceTree = "<group>"; };
		FFAC2241147CA7CC00FA37B8 /* calendar-image-2@2x.jpg */ = {isa = PBXFileReference; lastKnownFileType = image.jpeg; path = "calendar-image-2@2x.jpg"; sourceTree = "<group>"; };
		FFAC2242147CA7CC00FA37B8 /* calendar-image-3.jpg */ = {isa = PBXFileReference; lastKnownFileType = image.jpeg; path = "calendar-image-3.jpg"; sourceTree = "<group>"; };
		FFAC2243147CA7CC00FA37B8 /* calendar-image-3@2x.jpg */ = {isa = PBXFileReference; lastKnownFileType = image.jpeg; path = "calendar-image-3@2x.jpg"; sourceTree = "<group>"; };
		FFAC2245147CA7CC00FA37B8 /* global-footer-background.png */ = {isa = PBXFileReference; lastKnownFileType = image.png; path = "global-footer-background.png"; sourceTree = "<group>"; };
		FFAC2246147CA7CC00FA37B8 /* global-footer-background@2x.png */ = {isa = PBXFileReference; lastKnownFileType = image.png; path = "global-footer-background@2x.png"; sourceTree = "<group>"; };
		FFAC2247147CA7CC00FA37B8 /* global-footer-bag-on.png */ = {isa = PBXFileReference; lastKnownFileType = image.png; path = "global-footer-bag-on.png"; sourceTree = "<group>"; };
		FFAC2248147CA7CC00FA37B8 /* global-footer-bag-on@2x.png */ = {isa = PBXFileReference; lastKnownFileType = image.png; path = "global-footer-bag-on@2x.png"; sourceTree = "<group>"; };
		FFAC2249147CA7CC00FA37B8 /* global-footer-bag.png */ = {isa = PBXFileReference; lastKnownFileType = image.png; path = "global-footer-bag.png"; sourceTree = "<group>"; };
		FFAC224A147CA7CC00FA37B8 /* global-footer-bag@2x.png */ = {isa = PBXFileReference; lastKnownFileType = image.png; path = "global-footer-bag@2x.png"; sourceTree = "<group>"; };
		FFAC224B147CA7CC00FA37B8 /* global-footer-calendar-on.png */ = {isa = PBXFileReference; lastKnownFileType = image.png; path = "global-footer-calendar-on.png"; sourceTree = "<group>"; };
		FFAC224C147CA7CC00FA37B8 /* global-footer-calendar-on@2x.png */ = {isa = PBXFileReference; lastKnownFileType = image.png; path = "global-footer-calendar-on@2x.png"; sourceTree = "<group>"; };
		FFAC224D147CA7CC00FA37B8 /* global-footer-calendar.png */ = {isa = PBXFileReference; lastKnownFileType = image.png; path = "global-footer-calendar.png"; sourceTree = "<group>"; };
		FFAC224E147CA7CC00FA37B8 /* global-footer-calendar@2x.png */ = {isa = PBXFileReference; lastKnownFileType = image.png; path = "global-footer-calendar@2x.png"; sourceTree = "<group>"; };
		FFAC224F147CA7CC00FA37B8 /* global-footer-cloth-on.png */ = {isa = PBXFileReference; lastKnownFileType = image.png; path = "global-footer-cloth-on.png"; sourceTree = "<group>"; };
		FFAC2250147CA7CC00FA37B8 /* global-footer-cloth-on@2x.png */ = {isa = PBXFileReference; lastKnownFileType = image.png; path = "global-footer-cloth-on@2x.png"; sourceTree = "<group>"; };
		FFAC2251147CA7CC00FA37B8 /* global-footer-cloth.png */ = {isa = PBXFileReference; lastKnownFileType = image.png; path = "global-footer-cloth.png"; sourceTree = "<group>"; };
		FFAC2252147CA7CC00FA37B8 /* global-footer-cloth@2x.png */ = {isa = PBXFileReference; lastKnownFileType = image.png; path = "global-footer-cloth@2x.png"; sourceTree = "<group>"; };
		FFAC2253147CA7CC00FA37B8 /* global-footer-home-on.png */ = {isa = PBXFileReference; lastKnownFileType = image.png; path = "global-footer-home-on.png"; sourceTree = "<group>"; };
		FFAC2254147CA7CC00FA37B8 /* global-footer-home-on@2x.png */ = {isa = PBXFileReference; lastKnownFileType = image.png; path = "global-footer-home-on@2x.png"; sourceTree = "<group>"; };
		FFAC2255147CA7CC00FA37B8 /* global-footer-home.png */ = {isa = PBXFileReference; lastKnownFileType = image.png; path = "global-footer-home.png"; sourceTree = "<group>"; };
		FFAC2256147CA7CC00FA37B8 /* global-footer-home@2x.png */ = {isa = PBXFileReference; lastKnownFileType = image.png; path = "global-footer-home@2x.png"; sourceTree = "<group>"; };
		FFAC2257147CA7CC00FA37B8 /* global-footer-map-on.png */ = {isa = PBXFileReference; lastKnownFileType = image.png; path = "global-footer-map-on.png"; sourceTree = "<group>"; };
		FFAC2258147CA7CC00FA37B8 /* global-footer-map-on@2x.png */ = {isa = PBXFileReference; lastKnownFileType = image.png; path = "global-footer-map-on@2x.png"; sourceTree = "<group>"; };
		FFAC2259147CA7CC00FA37B8 /* global-footer-map.png */ = {isa = PBXFileReference; lastKnownFileType = image.png; path = "global-footer-map.png"; sourceTree = "<group>"; };
		FFAC225A147CA7CC00FA37B8 /* global-footer-map@2x.png */ = {isa = PBXFileReference; lastKnownFileType = image.png; path = "global-footer-map@2x.png"; sourceTree = "<group>"; };
		FFAC225B147CA7CC00FA37B8 /* global-header-background.png */ = {isa = PBXFileReference; lastKnownFileType = image.png; path = "global-header-background.png"; sourceTree = "<group>"; };
		FFAC225C147CA7CC00FA37B8 /* global-header-background@2x.png */ = {isa = PBXFileReference; lastKnownFileType = image.png; path = "global-header-background@2x.png"; sourceTree = "<group>"; };
		FFAC225D147CA7CC00FA37B8 /* global-header-button-refresh-on.png */ = {isa = PBXFileReference; lastKnownFileType = image.png; path = "global-header-button-refresh-on.png"; sourceTree = "<group>"; };
		FFAC225E147CA7CC00FA37B8 /* global-header-button-refresh-on@2x.png */ = {isa = PBXFileReference; lastKnownFileType = image.png; path = "global-header-button-refresh-on@2x.png"; sourceTree = "<group>"; };
		FFAC225F147CA7CC00FA37B8 /* global-header-button-refresh.png */ = {isa = PBXFileReference; lastKnownFileType = image.png; path = "global-header-button-refresh.png"; sourceTree = "<group>"; };
		FFAC2260147CA7CC00FA37B8 /* global-header-button-refresh@2x.png */ = {isa = PBXFileReference; lastKnownFileType = image.png; path = "global-header-button-refresh@2x.png"; sourceTree = "<group>"; };
		FFAC2261147CA7CC00FA37B8 /* global-header-refresh-background.png */ = {isa = PBXFileReference; lastKnownFileType = image.png; path = "global-header-refresh-background.png"; sourceTree = "<group>"; };
		FFAC2262147CA7CC00FA37B8 /* global-header-refresh-background@2x.png */ = {isa = PBXFileReference; lastKnownFileType = image.png; path = "global-header-refresh-background@2x.png"; sourceTree = "<group>"; };
		FFAC2263147CA7CC00FA37B8 /* global-header-title.png */ = {isa = PBXFileReference; lastKnownFileType = image.png; path = "global-header-title.png"; sourceTree = "<group>"; };
		FFAC2264147CA7CC00FA37B8 /* global-header-title@2x.png */ = {isa = PBXFileReference; lastKnownFileType = image.png; path = "global-header-title@2x.png"; sourceTree = "<group>"; };
		FFAC229C147CA93600FA37B8 /* global-header-shadow.png */ = {isa = PBXFileReference; lastKnownFileType = image.png; path = "global-header-shadow.png"; sourceTree = "<group>"; };
		FFAC229D147CA93600FA37B8 /* global-header-shadow@2x.png */ = {isa = PBXFileReference; lastKnownFileType = image.png; path = "global-header-shadow@2x.png"; sourceTree = "<group>"; };
/* End PBXFileReference section */

/* Begin PBXFrameworksBuildPhase section */
		FEBF460914761F1F004C0525 /* Frameworks */ = {
			isa = PBXFrameworksBuildPhase;
			buildActionMask = 2147483647;
			files = (
				FE85296C148E02D500B0113B /* MapKit.framework in Frameworks */,
				FEBF461114761F1F004C0525 /* UIKit.framework in Frameworks */,
				FEBF461314761F1F004C0525 /* Foundation.framework in Frameworks */,
				FEBF461514761F1F004C0525 /* CoreGraphics.framework in Frameworks */,
			);
			runOnlyForDeploymentPostprocessing = 0;
		};
/* End PBXFrameworksBuildPhase section */

/* Begin PBXGroup section */
		FE00EA61147E5C8D00874935 /* Clothe */ = {
			isa = PBXGroup;
			children = (
				FED665261496021000832D5A /* clothe-female-highlight.png */,
				FED665271496021000832D5A /* clothe-female-highlight@2x.png */,
				FED665281496021000832D5A /* clothe-hanger-highlight.png */,
				FED665291496021000832D5A /* clothe-hanger-highlight@2x.png */,
				FED6652A1496021000832D5A /* clothe-male-highlight.png */,
				FED6652B1496021000832D5A /* clothe-male-highlight@2x.png */,
				FED665101495FB9D00832D5A /* clothe-female.png */,
				FED665111495FB9D00832D5A /* clothe-female@2x.png */,
				FE8AC5FC14876B4000A7F867 /* clothe-gridview-detail-1-orangeImage.png */,
				FED665191495FBC300832D5A /* clothe-hanger.png */,
				FED6651A1495FBC300832D5A /* clothe-hanger@2x.png */,
				FED665151495FBB800832D5A /* clothe-male.png */,
				FED665161495FBB800832D5A /* clothe-male@2x.png */,
				FE8AC5FD14876B4000A7F867 /* clothe-gridview-detail-1-orangeImage@2x.png */,
				FE8AC5E014876AD600A7F867 /* clothe-girdview-detail-shadow.png */,
				FE8AC5E314876AD600A7F867 /* clothe-gridview-detail-1-silverImage.png */,
				FE8AC5E414876AD600A7F867 /* clothe-gridview-detail-1-silverImage@2x.png */,
				FE8AC5E514876AD600A7F867 /* clothe-gridview-detail-1-thumnail1.png */,
				FE8AC5E614876AD600A7F867 /* clothe-gridview-detail-1-thumnail1@2x.png */,
				FE8AC5E714876AD600A7F867 /* clothe-gridview-detail-button-color-orange.png */,
				FE8AC5E814876AD600A7F867 /* clothe-gridview-detail-button-color-orange@2x.png */,
				FE8AC5E914876AD600A7F867 /* clothe-gridview-detail-button-color-silver.png */,
				FE8AC5EA14876AD600A7F867 /* clothe-gridview-detail-button-color-silver@2x.png */,
				FE8AC5EB14876AD600A7F867 /* clothe-gridview-detail-content-background.png */,
				FE8AC5EC14876AD600A7F867 /* clothe-gridview-detail-content-background@2x.png */,
				FE8AC5ED14876AD600A7F867 /* clothe-gridview-detail-shadow@2x.png */,
				FE8AC5DB1487318600A7F867 /* clothe-gridview-under-line.png */,
				FE8AC5DC1487318600A7F867 /* clothe-gridview-under-line@2x.png */,
				FE81FEB0148692B0007E3F63 /* clothe-gridview-cell-hightlight.png */,
				FE81FEB1148692B0007E3F63 /* clothe-gridview-cell-hightlight@2x.png */,
				FEFFF6F81484C40A00F614C0 /* clothe-gridview-cell-1.png */,
				FEFFF6F91484C40A00F614C0 /* clothe-gridview-cell-1@2x.png */,
				FEFFF7061484D80B00F614C0 /* clothe-gridview-seperation-line.png */,
				FEFFF7071484D80B00F614C0 /* clothe-gridview-seperation-line@2x.png */,
				FEFFF6FA1484C40A00F614C0 /* clothe-gridview-cell-2.png */,
				FEFFF6FB1484C40A00F614C0 /* clothe-gridview-cell-2@2x.png */,
				FEFFF6FC1484C40A00F614C0 /* clothe-gridview-cell-3.png */,
				FEFFF6FD1484C40A00F614C0 /* clothe-gridview-cell-3@2x.png */,
				FEDFB605147F774B002E11BE /* clothe-shoes.png */,
				FEDFB5F5147F74B5002E11BE /* clothe-bag-hightlight.png */,
				FEDFB5F6147F74B5002E11BE /* clothe-bag-hightlight@2x.png */,
				FEDFB5F7147F74B5002E11BE /* clothe-clothes-hightlight.png */,
				FEDFB5F8147F74B5002E11BE /* clothe-clothes-hightlight@2x.png */,
				FEDFB5F9147F74B5002E11BE /* clothe-shoes-hightlight.png */,
				FEDFB5FA147F74B5002E11BE /* clothe-shoes-hightlight@2x.png */,
				FEDFB5FB147F74B5002E11BE /* clothe-trousers-hightlight.png */,
				FEDFB5FC147F74B5002E11BE /* clothe-trousers-hightlight@2x.png */,
				FE00EA62147E5C8D00874935 /* clothe-bag@2x.png */,
				FEDFB5F3147F6742002E11BE /* clothe-bag.png */,
				FE00EA63147E5C8D00874935 /* clothe-clothes.png */,
				FE00EA64147E5C8D00874935 /* clothe-clothes@2x.png */,
				FE00EA66147E5C8D00874935 /* clothe-shoes@2x.png */,
				FE00EA67147E5C8D00874935 /* clothe-trousers.png */,
				FE00EA68147E5C8D00874935 /* clothe-trousers@2x.png */,
			);
			path = Clothe;
			sourceTree = "<group>";
		};
		FE4B0F9C147CE340003CEDFD /* Home */ = {
			isa = PBXGroup;
			children = (
				FE4B0FAD147CEFD2003CEDFD /* home-background-cell.png */,
				FE4B0FAE147CEFD2003CEDFD /* home-background-cell@2x.png */,
				FE4B0F9D147CE340003CEDFD /* home-background-tableview.png */,
				FE4B0F9E147CE340003CEDFD /* home-background-tableview@2x.png */,
				FE4B0F9F147CE340003CEDFD /* home-icon-cell-1.png */,
				FE4B0FA0147CE340003CEDFD /* home-icon-cell-1@2x.png */,
				FE4B0FA1147CE340003CEDFD /* home-icon-cell-2.png */,
				FE4B0FA2147CE340003CEDFD /* home-icon-cell-2@2x.png */,
				FE4B0FA3147CE340003CEDFD /* home-icon-cell-3.png */,
				FE4B0FA4147CE340003CEDFD /* home-icon-cell-3@2x.png */,
			);
			path = Home;
			sourceTree = "<group>";
		};
		FE852953148DF03B00B0113B /* Map */ = {
			isa = PBXGroup;
			children = (
				FE852954148DF03B00B0113B /* map-icon-1.png */,
				FE852955148DF03B00B0113B /* map-icon-1@2x.png */,
				FE852956148DF03B00B0113B /* map-icon-2.png */,
				FE852957148DF03B00B0113B /* map-icon-2@2x.png */,
			);
			path = Map;
			sourceTree = "<group>";
		};
		FEBF460114761F1F004C0525 = {
			isa = PBXGroup;
			children = (
				FEBF461614761F1F004C0525 /* SampleInterface */,
				FEBF460F14761F1F004C0525 /* Frameworks */,
				FEBF460D14761F1F004C0525 /* Products */,
			);
			sourceTree = "<group>";
		};
		FEBF460D14761F1F004C0525 /* Products */ = {
			isa = PBXGroup;
			children = (
				FEBF460C14761F1F004C0525 /* SampleInterface.app */,
			);
			name = Products;
			sourceTree = "<group>";
		};
		FEBF460F14761F1F004C0525 /* Frameworks */ = {
			isa = PBXGroup;
			children = (
				FE85296A148E02A100B0113B /* MapKit.framework */,
				FEBF461014761F1F004C0525 /* UIKit.framework */,
				FEBF461214761F1F004C0525 /* Foundation.framework */,
				FEBF461414761F1F004C0525 /* CoreGraphics.framework */,
			);
			name = Frameworks;
			sourceTree = "<group>";
		};
		FEBF461614761F1F004C0525 /* SampleInterface */ = {
			isa = PBXGroup;
			children = (
				FEDFA702147BB0490028A7E5 /* Assets */,
				FEDFA775147BB05E0028A7E5 /* Source */,
				FEDFA761147BB0520028A7E5 /* Resources */,
			);
			path = SampleInterface;
			sourceTree = "<group>";
		};
		FECC21EB1491B38A0019AEFC /* Bag */ = {
			isa = PBXGroup;
			children = (
				FECC21EC1491B38A0019AEFC /* bag-scroll-image-1.png */,
				FECC21ED1491B38A0019AEFC /* bag-scroll-image-1@2x.png */,
				FECC21EE1491B38A0019AEFC /* bag-scroll-image-2.png */,
				FECC21EF1491B38A0019AEFC /* bag-scroll-image-2@2x.png */,
				FECC21F01491B38A0019AEFC /* bag-scroll-image-3.png */,
				FECC21F11491B38A0019AEFC /* bag-scroll-image-3@2x.png */,
				FECC21F21491B38A0019AEFC /* bag-scroll-image-4.png */,
				FECC21F31491B38A0019AEFC /* bag-scroll-image-4@2x.png */,
			);
			path = Bag;
			sourceTree = "<group>";
		};
		FEDFA702147BB0490028A7E5 /* Assets */ = {
			isa = PBXGroup;
			children = (
				FECC21EB1491B38A0019AEFC /* Bag */,
				FE852953148DF03B00B0113B /* Map */,
				FE00EA61147E5C8D00874935 /* Clothe */,
				FFAC2244147CA7CC00FA37B8 /* Global */,
				FE4B0F9C147CE340003CEDFD /* Home */,
				FFAC223D147CA7CC00FA37B8 /* Calendar */,
			);
			path = Assets;
			sourceTree = SOURCE_ROOT;
		};
		FEDFA761147BB0520028A7E5 /* Resources */ = {
			isa = PBXGroup;
			children = (
				FED665221495FCB200832D5A /* PFIClotheSexViewController.xib */,
				FE852972148E09E900B0113B /* PFIMapDetailViewController.xib */,
				FE852961148DF0E600B0113B /* PFIMapViewController.xib */,
				FE81FEC51486A74A007E3F63 /* PFIClotheGridViewCellDetail.xib */,
				FE00EA5A147E4C3D00874935 /* PFIClotheViewController.xib */,
				FEDFA762147BB0520028A7E5 /* PFIBagViewController.xib */,
				FEFFF6F61484B99A00F614C0 /* PFIClotheGridViewController.xib */,
				FEDFA763147BB0520028A7E5 /* PFICalendarViewController.xib */,
				FEDFA766147BB0520028A7E5 /* PFIHomeViewController.xib */,
				FEDFA769147BB0520028A7E5 /* PFIRootViewController.xib */,
				FEDFA765147BB0520028A7E5 /* HomeData.plist */,
				FEDFA767147BB0520028A7E5 /* InfoPlist.strings */,
				FE00EA4E147E313600874935 /* dataBase.plist */,
				FE00EA5F147E50A200874935 /* ClotheData.plist */,
				FEFFF7041484C44800F614C0 /* ClotheGridViewData.plist */,
				FE852950148DED8600B0113B /* MapDataItem.plist */,
				FED665241495FF0500832D5A /* ClotheSexData.plist */,
			);
			path = Resources;
			sourceTree = SOURCE_ROOT;
		};
		FEDFA775147BB05E0028A7E5 /* Source */ = {
			isa = PBXGroup;
			children = (
				FEDFA776147BB05E0028A7E5 /* App */,
				FEDFA77A147BB05E0028A7E5 /* Controllers */,
				FEDFA787147BB05E0028A7E5 /* Views */,
			);
			path = Source;
			sourceTree = SOURCE_ROOT;
		};
		FEDFA776147BB05E0028A7E5 /* App */ = {
			isa = PBXGroup;
			children = (
				FEDFA777147BB05E0028A7E5 /* main.m */,
				FEDFA778147BB05E0028A7E5 /* PFIAppDelegate.h */,
				FEDFA779147BB05E0028A7E5 /* PFIAppDelegate.m */,
			);
			path = App;
			sourceTree = "<group>";
		};
		FEDFA77A147BB05E0028A7E5 /* Controllers */ = {
			isa = PBXGroup;
			children = (
				FEDFA785147BB05E0028A7E5 /* PFIRootViewController.h */,
				FEDFA786147BB05E0028A7E5 /* PFIRootViewController.m */,
				FEDFA781147BB05E0028A7E5 /* PFIHomeViewController.h */,
				FEDFA782147BB05E0028A7E5 /* PFIHomeViewController.m */,
				FEDFA77D147BB05E0028A7E5 /* PFICalendarViewController.h */,
				FEDFA77E147BB05E0028A7E5 /* PFICalendarViewController.m */,
				FED6651D1495FC5000832D5A /* PFIClotheSexViewController.h */,
				FED6651E1495FC5000832D5A /* PFIClotheSexViewController.m */,
				FE00EA55147E4BE300874935 /* PFIClotheViewController.h */,
				FE00EA56147E4BE300874935 /* PFIClotheViewController.m */,
				FEFFF6F01484B91F00F614C0 /* PFIClotheGridViewController.h */,
				FEFFF6F11484B91F00F614C0 /* PFIClotheGridViewController.m */,
				FE81FEC01486A708007E3F63 /* PFIClotheGridViewCellDetail.h */,
				FE81FEC11486A708007E3F63 /* PFIClotheGridViewCellDetail.m */,
				FEDFA77B147BB05E0028A7E5 /* PFIBagViewController.h */,
				FEDFA77C147BB05E0028A7E5 /* PFIBagViewController.m */,
				FE85295C148DF0A400B0113B /* PFIMapViewController.h */,
				FE85295D148DF0A400B0113B /* PFIMapViewController.m */,
				FE85296D148E099F00B0113B /* PFIMapDetailViewController.h */,
				FE85296E148E099F00B0113B /* PFIMapDetailViewController.m */,
			);
			path = Controllers;
			sourceTree = "<group>";
		};
		FEDFA787147BB05E0028A7E5 /* Views */ = {
			isa = PBXGroup;
			children = (
				FEDFA788147BB05E0028A7E5 /* CustomBackground.h */,
				FEDFA789147BB05E0028A7E5 /* CustomBackground.m */,
				FE4B0FB1147CF36D003CEDFD /* CustomCellBackground.h */,
				FE4B0FB2147CF36D003CEDFD /* CustomCellBackground.m */,
				FE00EA40147E104B00874935 /* PFIHomeTableViewCell.h */,
				FE00EA41147E104B00874935 /* PFIHomeTableViewCell.m */,
				FE00EA5C147E4F8C00874935 /* PFIClotheTableViewCell.h */,
				FE00EA5D147E4F8C00874935 /* PFIClotheTableViewCell.m */,
				FEDF76C4148362B000623535 /* PFINavigationController.h */,
				FEDF76C5148362B000623535 /* PFINavigationController.m */,
				FEBD195A1486008700692310 /* PFIClotheGridViewCell.h */,
				FEBD195B1486008700692310 /* PFIClotheGridViewCell.m */,
				FEE327201488A57500B68517 /* PFIGradientButton.h */,
				FEE327211488A57500B68517 /* PFIGradientButton.m */,
				FE852963148DF30200B0113B /* PFIMapTableViewCell.h */,
				FE852964148DF30200B0113B /* PFIMapTableViewCell.m */,
				FECA05931497403500EDC03C /* PFIDataManager.h */,
				FECA05941497403500EDC03C /* PFIDataManager.m */,
			);
			path = Views;
			sourceTree = "<group>";
		};
		FFAC223D147CA7CC00FA37B8 /* Calendar */ = {
			isa = PBXGroup;
			children = (
				FFAC223E147CA7CC00FA37B8 /* calendar-image-1.jpg */,
				FFAC223F147CA7CC00FA37B8 /* calendar-image-1@2x.jpg */,
				FFAC2240147CA7CC00FA37B8 /* calendar-image-2.jpg */,
				FFAC2241147CA7CC00FA37B8 /* calendar-image-2@2x.jpg */,
				FFAC2242147CA7CC00FA37B8 /* calendar-image-3.jpg */,
				FFAC2243147CA7CC00FA37B8 /* calendar-image-3@2x.jpg */,
			);
			path = Calendar;
			sourceTree = "<group>";
		};
		FFAC2244147CA7CC00FA37B8 /* Global */ = {
			isa = PBXGroup;
			children = (
				FECC22011491C7E90019AEFC /* global-header-back.png */,
				FECC22021491C7E90019AEFC /* global-header-back@2x.png */,
				FFAC229C147CA93600FA37B8 /* global-header-shadow.png */,
				FFAC229D147CA93600FA37B8 /* global-header-shadow@2x.png */,
				FFAC2245147CA7CC00FA37B8 /* global-footer-background.png */,
				FFAC2246147CA7CC00FA37B8 /* global-footer-background@2x.png */,
				FFAC2247147CA7CC00FA37B8 /* global-footer-bag-on.png */,
				FFAC2248147CA7CC00FA37B8 /* global-footer-bag-on@2x.png */,
				FFAC2249147CA7CC00FA37B8 /* global-footer-bag.png */,
				FFAC224A147CA7CC00FA37B8 /* global-footer-bag@2x.png */,
				FFAC224B147CA7CC00FA37B8 /* global-footer-calendar-on.png */,
				FFAC224C147CA7CC00FA37B8 /* global-footer-calendar-on@2x.png */,
				FFAC224D147CA7CC00FA37B8 /* global-footer-calendar.png */,
				FFAC224E147CA7CC00FA37B8 /* global-footer-calendar@2x.png */,
				FFAC224F147CA7CC00FA37B8 /* global-footer-cloth-on.png */,
				FFAC2250147CA7CC00FA37B8 /* global-footer-cloth-on@2x.png */,
				FFAC2251147CA7CC00FA37B8 /* global-footer-cloth.png */,
				FFAC2252147CA7CC00FA37B8 /* global-footer-cloth@2x.png */,
				FFAC2253147CA7CC00FA37B8 /* global-footer-home-on.png */,
				FFAC2254147CA7CC00FA37B8 /* global-footer-home-on@2x.png */,
				FFAC2255147CA7CC00FA37B8 /* global-footer-home.png */,
				FFAC2256147CA7CC00FA37B8 /* global-footer-home@2x.png */,
				FFAC2257147CA7CC00FA37B8 /* global-footer-map-on.png */,
				FFAC2258147CA7CC00FA37B8 /* global-footer-map-on@2x.png */,
				FFAC2259147CA7CC00FA37B8 /* global-footer-map.png */,
				FFAC225A147CA7CC00FA37B8 /* global-footer-map@2x.png */,
				FFAC225B147CA7CC00FA37B8 /* global-header-background.png */,
				FFAC225C147CA7CC00FA37B8 /* global-header-background@2x.png */,
				FFAC225D147CA7CC00FA37B8 /* global-header-button-refresh-on.png */,
				FFAC225E147CA7CC00FA37B8 /* global-header-button-refresh-on@2x.png */,
				FFAC225F147CA7CC00FA37B8 /* global-header-button-refresh.png */,
				FFAC2260147CA7CC00FA37B8 /* global-header-button-refresh@2x.png */,
				FFAC2261147CA7CC00FA37B8 /* global-header-refresh-background.png */,
				FFAC2262147CA7CC00FA37B8 /* global-header-refresh-background@2x.png */,
				FFAC2263147CA7CC00FA37B8 /* global-header-title.png */,
				FFAC2264147CA7CC00FA37B8 /* global-header-title@2x.png */,
			);
			path = Global;
			sourceTree = "<group>";
		};
/* End PBXGroup section */

/* Begin PBXNativeTarget section */
		FEBF460B14761F1F004C0525 /* SampleInterface */ = {
			isa = PBXNativeTarget;
			buildConfigurationList = FEBF462A14761F1F004C0525 /* Build configuration list for PBXNativeTarget "SampleInterface" */;
			buildPhases = (
				FEBF460814761F1F004C0525 /* Sources */,
				FEBF460914761F1F004C0525 /* Frameworks */,
				FEBF460A14761F1F004C0525 /* Resources */,
			);
			buildRules = (
			);
			dependencies = (
			);
			name = SampleInterface;
			productName = SampleInterface;
			productReference = FEBF460C14761F1F004C0525 /* SampleInterface.app */;
			productType = "com.apple.product-type.application";
		};
/* End PBXNativeTarget section */

/* Begin PBXProject section */
		FEBF460314761F1F004C0525 /* Project object */ = {
			isa = PBXProject;
			attributes = {
				LastUpgradeCheck = 0420;
			};
			buildConfigurationList = FEBF460614761F1F004C0525 /* Build configuration list for PBXProject "SampleInterface" */;
			compatibilityVersion = "Xcode 3.2";
			developmentRegion = English;
			hasScannedForEncodings = 0;
			knownRegions = (
				en,
			);
			mainGroup = FEBF460114761F1F004C0525;
			productRefGroup = FEBF460D14761F1F004C0525 /* Products */;
			projectDirPath = "";
			projectRoot = "";
			targets = (
				FEBF460B14761F1F004C0525 /* SampleInterface */,
			);
		};
/* End PBXProject section */

/* Begin PBXResourcesBuildPhase section */
		FEBF460A14761F1F004C0525 /* Resources */ = {
			isa = PBXResourcesBuildPhase;
			buildActionMask = 2147483647;
			files = (
				FE00EA4F147E313600874935 /* dataBase.plist in Resources */,
				FEDFA76C147BB0520028A7E5 /* PFIBagViewController.xib in Resources */,
				FEDFA76D147BB0520028A7E5 /* PFICalendarViewController.xib in Resources */,
				FEDFA76F147BB0520028A7E5 /* HomeData.plist in Resources */,
				FEDFA770147BB0520028A7E5 /* PFIHomeViewController.xib in Resources */,
				FEDFA771147BB0520028A7E5 /* InfoPlist.strings in Resources */,
				FEDFA773147BB0520028A7E5 /* PFIRootViewController.xib in Resources */,
				FFAC226E147CA7CC00FA37B8 /* calendar-image-1.jpg in Resources */,
				FFAC226F147CA7CC00FA37B8 /* calendar-image-1@2x.jpg in Resources */,
				FFAC2270147CA7CC00FA37B8 /* calendar-image-2.jpg in Resources */,
				FFAC2271147CA7CC00FA37B8 /* calendar-image-2@2x.jpg in Resources */,
				FFAC2272147CA7CC00FA37B8 /* calendar-image-3.jpg in Resources */,
				FFAC2273147CA7CC00FA37B8 /* calendar-image-3@2x.jpg in Resources */,
				FFAC2274147CA7CC00FA37B8 /* global-footer-background.png in Resources */,
				FFAC2275147CA7CC00FA37B8 /* global-footer-background@2x.png in Resources */,
				FFAC2276147CA7CC00FA37B8 /* global-footer-bag-on.png in Resources */,
				FFAC2277147CA7CC00FA37B8 /* global-footer-bag-on@2x.png in Resources */,
				FFAC2278147CA7CC00FA37B8 /* global-footer-bag.png in Resources */,
				FFAC2279147CA7CC00FA37B8 /* global-footer-bag@2x.png in Resources */,
				FFAC227A147CA7CC00FA37B8 /* global-footer-calendar-on.png in Resources */,
				FFAC227B147CA7CC00FA37B8 /* global-footer-calendar-on@2x.png in Resources */,
				FFAC227C147CA7CC00FA37B8 /* global-footer-calendar.png in Resources */,
				FFAC227D147CA7CC00FA37B8 /* global-footer-calendar@2x.png in Resources */,
				FFAC227E147CA7CC00FA37B8 /* global-footer-cloth-on.png in Resources */,
				FFAC227F147CA7CC00FA37B8 /* global-footer-cloth-on@2x.png in Resources */,
				FFAC2280147CA7CC00FA37B8 /* global-footer-cloth.png in Resources */,
				FFAC2281147CA7CC00FA37B8 /* global-footer-cloth@2x.png in Resources */,
				FFAC2282147CA7CC00FA37B8 /* global-footer-home-on.png in Resources */,
				FFAC2283147CA7CC00FA37B8 /* global-footer-home-on@2x.png in Resources */,
				FFAC2284147CA7CC00FA37B8 /* global-footer-home.png in Resources */,
				FFAC2285147CA7CC00FA37B8 /* global-footer-home@2x.png in Resources */,
				FFAC2286147CA7CC00FA37B8 /* global-footer-map-on.png in Resources */,
				FFAC2287147CA7CC00FA37B8 /* global-footer-map-on@2x.png in Resources */,
				FFAC2288147CA7CC00FA37B8 /* global-footer-map.png in Resources */,
				FFAC2289147CA7CC00FA37B8 /* global-footer-map@2x.png in Resources */,
				FFAC228A147CA7CC00FA37B8 /* global-header-background.png in Resources */,
				FFAC228B147CA7CC00FA37B8 /* global-header-background@2x.png in Resources */,
				FFAC228C147CA7CC00FA37B8 /* global-header-button-refresh-on.png in Resources */,
				FFAC228D147CA7CC00FA37B8 /* global-header-button-refresh-on@2x.png in Resources */,
				FFAC228E147CA7CC00FA37B8 /* global-header-button-refresh.png in Resources */,
				FFAC228F147CA7CC00FA37B8 /* global-header-button-refresh@2x.png in Resources */,
				FFAC2290147CA7CC00FA37B8 /* global-header-refresh-background.png in Resources */,
				FFAC2291147CA7CC00FA37B8 /* global-header-refresh-background@2x.png in Resources */,
				FFAC2292147CA7CC00FA37B8 /* global-header-title.png in Resources */,
				FFAC2293147CA7CC00FA37B8 /* global-header-title@2x.png in Resources */,
				FFAC229E147CA93600FA37B8 /* global-header-shadow.png in Resources */,
				FFAC229F147CA93600FA37B8 /* global-header-shadow@2x.png in Resources */,
				FE4B0FA5147CE340003CEDFD /* home-background-tableview.png in Resources */,
				FE4B0FA6147CE340003CEDFD /* home-background-tableview@2x.png in Resources */,
				FE4B0FA7147CE340003CEDFD /* home-icon-cell-1.png in Resources */,
				FE4B0FA8147CE340003CEDFD /* home-icon-cell-1@2x.png in Resources */,
				FE4B0FA9147CE340003CEDFD /* home-icon-cell-2.png in Resources */,
				FE4B0FAA147CE340003CEDFD /* home-icon-cell-2@2x.png in Resources */,
				FE4B0FAB147CE340003CEDFD /* home-icon-cell-3.png in Resources */,
				FE4B0FAC147CE340003CEDFD /* home-icon-cell-3@2x.png in Resources */,
				FE4B0FAF147CEFD2003CEDFD /* home-background-cell.png in Resources */,
				FE4B0FB0147CEFD2003CEDFD /* home-background-cell@2x.png in Resources */,
				FE00EA5B147E4C3D00874935 /* PFIClotheViewController.xib in Resources */,
				FE00EA60147E50A200874935 /* ClotheData.plist in Resources */,
				FE00EA6A147E5C8D00874935 /* clothe-bag@2x.png in Resources */,
				FE00EA6B147E5C8D00874935 /* clothe-clothes.png in Resources */,
				FE00EA6C147E5C8D00874935 /* clothe-clothes@2x.png in Resources */,
				FE00EA6E147E5C8D00874935 /* clothe-shoes@2x.png in Resources */,
				FE00EA6F147E5C8D00874935 /* clothe-trousers.png in Resources */,
				FE00EA70147E5C8D00874935 /* clothe-trousers@2x.png in Resources */,
				FEDFB5F4147F6742002E11BE /* clothe-bag.png in Resources */,
				FEDFB5FD147F74B5002E11BE /* clothe-bag-hightlight.png in Resources */,
				FEDFB5FE147F74B5002E11BE /* clothe-bag-hightlight@2x.png in Resources */,
				FEDFB5FF147F74B5002E11BE /* clothe-clothes-hightlight.png in Resources */,
				FEDFB600147F74B5002E11BE /* clothe-clothes-hightlight@2x.png in Resources */,
				FEDFB601147F74B5002E11BE /* clothe-shoes-hightlight.png in Resources */,
				FEDFB602147F74B5002E11BE /* clothe-shoes-hightlight@2x.png in Resources */,
				FEDFB603147F74B5002E11BE /* clothe-trousers-hightlight.png in Resources */,
				FEDFB604147F74B5002E11BE /* clothe-trousers-hightlight@2x.png in Resources */,
				FEDFB606147F774B002E11BE /* clothe-shoes.png in Resources */,
				FEFFF6F71484B99A00F614C0 /* PFIClotheGridViewController.xib in Resources */,
				FEFFF6FE1484C40A00F614C0 /* clothe-gridview-cell-1.png in Resources */,
				FEFFF6FF1484C40A00F614C0 /* clothe-gridview-cell-1@2x.png in Resources */,
				FEFFF7001484C40A00F614C0 /* clothe-gridview-cell-2.png in Resources */,
				FEFFF7011484C40A00F614C0 /* clothe-gridview-cell-2@2x.png in Resources */,
				FEFFF7021484C40A00F614C0 /* clothe-gridview-cell-3.png in Resources */,
				FEFFF7031484C40A00F614C0 /* clothe-gridview-cell-3@2x.png in Resources */,
				FEFFF7051484C44800F614C0 /* ClotheGridViewData.plist in Resources */,
				FEFFF7081484D80B00F614C0 /* clothe-gridview-seperation-line.png in Resources */,
				FEFFF7091484D80B00F614C0 /* clothe-gridview-seperation-line@2x.png in Resources */,
				FE81FEB2148692B0007E3F63 /* clothe-gridview-cell-hightlight.png in Resources */,
				FE81FEB3148692B0007E3F63 /* clothe-gridview-cell-hightlight@2x.png in Resources */,
				FE81FEC61486A74A007E3F63 /* PFIClotheGridViewCellDetail.xib in Resources */,
				FE8AC5DD1487318600A7F867 /* clothe-gridview-under-line.png in Resources */,
				FE8AC5DE1487318600A7F867 /* clothe-gridview-under-line@2x.png in Resources */,
				FE8AC5EE14876AD600A7F867 /* clothe-girdview-detail-shadow.png in Resources */,
				FE8AC5F114876AD600A7F867 /* clothe-gridview-detail-1-silverImage.png in Resources */,
				FE8AC5F214876AD600A7F867 /* clothe-gridview-detail-1-silverImage@2x.png in Resources */,
				FE8AC5F314876AD600A7F867 /* clothe-gridview-detail-1-thumnail1.png in Resources */,
				FE8AC5F414876AD600A7F867 /* clothe-gridview-detail-1-thumnail1@2x.png in Resources */,
				FE8AC5F514876AD600A7F867 /* clothe-gridview-detail-button-color-orange.png in Resources */,
				FE8AC5F614876AD600A7F867 /* clothe-gridview-detail-button-color-orange@2x.png in Resources */,
				FE8AC5F714876AD600A7F867 /* clothe-gridview-detail-button-color-silver.png in Resources */,
				FE8AC5F814876AD600A7F867 /* clothe-gridview-detail-button-color-silver@2x.png in Resources */,
				FE8AC5F914876AD600A7F867 /* clothe-gridview-detail-content-background.png in Resources */,
				FE8AC5FA14876AD600A7F867 /* clothe-gridview-detail-content-background@2x.png in Resources */,
				FE8AC5FB14876AD600A7F867 /* clothe-gridview-detail-shadow@2x.png in Resources */,
				FE8AC5FE14876B4000A7F867 /* clothe-gridview-detail-1-orangeImage.png in Resources */,
				FE8AC5FF14876B4000A7F867 /* clothe-gridview-detail-1-orangeImage@2x.png in Resources */,
				FE852951148DED8600B0113B /* MapDataItem.plist in Resources */,
				FE852958148DF03B00B0113B /* map-icon-1.png in Resources */,
				FE852959148DF03B00B0113B /* map-icon-1@2x.png in Resources */,
				FE85295A148DF03B00B0113B /* map-icon-2.png in Resources */,
				FE85295B148DF03B00B0113B /* map-icon-2@2x.png in Resources */,
				FE852962148DF0E600B0113B /* PFIMapViewController.xib in Resources */,
				FE852973148E09E900B0113B /* PFIMapDetailViewController.xib in Resources */,
				FECC21F41491B38A0019AEFC /* bag-scroll-image-1.png in Resources */,
				FECC21F51491B38A0019AEFC /* bag-scroll-image-1@2x.png in Resources */,
				FECC21F61491B38A0019AEFC /* bag-scroll-image-2.png in Resources */,
				FECC21F71491B38A0019AEFC /* bag-scroll-image-2@2x.png in Resources */,
				FECC21F81491B38A0019AEFC /* bag-scroll-image-3.png in Resources */,
				FECC21F91491B38A0019AEFC /* bag-scroll-image-3@2x.png in Resources */,
				FECC21FA1491B38A0019AEFC /* bag-scroll-image-4.png in Resources */,
				FECC21FB1491B38A0019AEFC /* bag-scroll-image-4@2x.png in Resources */,
				FECC22031491C7E90019AEFC /* global-header-back.png in Resources */,
				FECC22041491C7E90019AEFC /* global-header-back@2x.png in Resources */,
				FED665121495FB9D00832D5A /* clothe-female.png in Resources */,
				FED665131495FB9D00832D5A /* clothe-female@2x.png in Resources */,
				FED665171495FBB800832D5A /* clothe-male.png in Resources */,
				FED665181495FBB800832D5A /* clothe-male@2x.png in Resources */,
				FED6651B1495FBC300832D5A /* clothe-hanger.png in Resources */,
				FED6651C1495FBC300832D5A /* clothe-hanger@2x.png in Resources */,
				FED665231495FCB200832D5A /* PFIClotheSexViewController.xib in Resources */,
				FED665251495FF0500832D5A /* ClotheSexData.plist in Resources */,
				FED6652C1496021000832D5A /* clothe-female-highlight.png in Resources */,
				FED6652D1496021000832D5A /* clothe-female-highlight@2x.png in Resources */,
				FED6652E1496021000832D5A /* clothe-hanger-highlight.png in Resources */,
				FED6652F1496021000832D5A /* clothe-hanger-highlight@2x.png in Resources */,
				FED665301496021000832D5A /* clothe-male-highlight.png in Resources */,
				FED665311496021000832D5A /* clothe-male-highlight@2x.png in Resources */,
			);
			runOnlyForDeploymentPostprocessing = 0;
		};
/* End PBXResourcesBuildPhase section */

/* Begin PBXSourcesBuildPhase section */
		FEBF460814761F1F004C0525 /* Sources */ = {
			isa = PBXSourcesBuildPhase;
			buildActionMask = 2147483647;
			files = (
				FEDFA78A147BB05E0028A7E5 /* main.m in Sources */,
				FEDFA78B147BB05E0028A7E5 /* PFIAppDelegate.m in Sources */,
				FEDFA78C147BB05E0028A7E5 /* PFIBagViewController.m in Sources */,
				FEDFA78D147BB05E0028A7E5 /* PFICalendarViewController.m in Sources */,
				FEDFA78F147BB05E0028A7E5 /* PFIHomeViewController.m in Sources */,
				FEDFA791147BB05E0028A7E5 /* PFIRootViewController.m in Sources */,
				FEDFA792147BB05E0028A7E5 /* CustomBackground.m in Sources */,
				FE4B0FB3147CF36D003CEDFD /* CustomCellBackground.m in Sources */,
				FE00EA42147E104B00874935 /* PFIHomeTableViewCell.m in Sources */,
				FE00EA58147E4BE300874935 /* PFIClotheViewController.m in Sources */,
				FE00EA5E147E4F8C00874935 /* PFIClotheTableViewCell.m in Sources */,
				FEDF76C7148362B000623535 /* PFINavigationController.m in Sources */,
				FEFFF6F31484B91F00F614C0 /* PFIClotheGridViewController.m in Sources */,
				FEBD195C1486008700692310 /* PFIClotheGridViewCell.m in Sources */,
				FE81FEC31486A708007E3F63 /* PFIClotheGridViewCellDetail.m in Sources */,
				FEE327221488A57500B68517 /* PFIGradientButton.m in Sources */,
				FE85295F148DF0A400B0113B /* PFIMapViewController.m in Sources */,
				FE852965148DF30200B0113B /* PFIMapTableViewCell.m in Sources */,
				FE852970148E09A000B0113B /* PFIMapDetailViewController.m in Sources */,
				FED665201495FC5000832D5A /* PFIClotheSexViewController.m in Sources */,
				FECA05951497403500EDC03C /* PFIDataManager.m in Sources */,
			);
			runOnlyForDeploymentPostprocessing = 0;
		};
/* End PBXSourcesBuildPhase section */

/* Begin XCBuildConfiguration section */
		FEBF462814761F1F004C0525 /* Debug */ = {
			isa = XCBuildConfiguration;
			buildSettings = {
				ALWAYS_SEARCH_USER_PATHS = NO;
				ARCHS = "$(ARCHS_STANDARD_32_BIT)";
				BUILD_STYLE = Debug;
				"CODE_SIGN_IDENTITY[sdk=iphoneos*]" = "iPhone Developer";
				COPY_PHASE_STRIP = NO;
				GCC_C_LANGUAGE_STANDARD = gnu99;
				GCC_DYNAMIC_NO_PIC = NO;
				GCC_OPTIMIZATION_LEVEL = 0;
				GCC_PREPROCESSOR_DEFINITIONS = (
					"DEBUG=1",
					"$(inherited)",
				);
				GCC_SYMBOLS_PRIVATE_EXTERN = NO;
				GCC_VERSION = com.apple.compilers.llvm.clang.1_0;
				GCC_WARN_ABOUT_MISSING_PROTOTYPES = YES;
				GCC_WARN_ABOUT_RETURN_TYPE = YES;
				GCC_WARN_UNUSED_VARIABLE = YES;
				IPHONEOS_DEPLOYMENT_TARGET = 5.0;
				SDKROOT = iphoneos;
			};
			name = Debug;
		};
		FEBF462914761F1F004C0525 /* Release */ = {
			isa = XCBuildConfiguration;
			buildSettings = {
				ALWAYS_SEARCH_USER_PATHS = NO;
				ARCHS = "$(ARCHS_STANDARD_32_BIT)";
				BUILD_STYLE = Release;
				"CODE_SIGN_IDENTITY[sdk=iphoneos*]" = "iPhone Developer";
				COPY_PHASE_STRIP = YES;
				GCC_C_LANGUAGE_STANDARD = gnu99;
				GCC_VERSION = com.apple.compilers.llvm.clang.1_0;
				GCC_WARN_ABOUT_MISSING_PROTOTYPES = YES;
				GCC_WARN_ABOUT_RETURN_TYPE = YES;
				GCC_WARN_UNUSED_VARIABLE = YES;
				IPHONEOS_DEPLOYMENT_TARGET = 5.0;
				OTHER_CFLAGS = "-DNS_BLOCK_ASSERTIONS=1";
				SDKROOT = iphoneos;
				VALIDATE_PRODUCT = YES;
			};
			name = Release;
		};
		FEBF462B14761F1F004C0525 /* Debug */ = {
			isa = XCBuildConfiguration;
			buildSettings = {
				BUILD_STYLE = Debug;
				GCC_PRECOMPILE_PREFIX_HEADER = YES;
				GCC_PREFIX_HEADER = "SampleInterface/SampleInterface-Prefix.pch";
				INFOPLIST_FILE = "SampleInterface/SampleInterface-Info.plist";
				IPHONEOS_DEPLOYMENT_TARGET = 4.3;
				PRODUCT_NAME = "$(TARGET_NAME)";
				WRAPPER_EXTENSION = app;
			};
			name = Debug;
		};
		FEBF462C14761F1F004C0525 /* Release */ = {
			isa = XCBuildConfiguration;
			buildSettings = {
				BUILD_STYLE = Release;
				GCC_PRECOMPILE_PREFIX_HEADER = YES;
				GCC_PREFIX_HEADER = "SampleInterface/SampleInterface-Prefix.pch";
				INFOPLIST_FILE = "SampleInterface/SampleInterface-Info.plist";
				IPHONEOS_DEPLOYMENT_TARGET = 4.3;
				PRODUCT_NAME = "$(TARGET_NAME)";
				WRAPPER_EXTENSION = app;
			};
			name = Release;
		};
/* End XCBuildConfiguration section */

/* Begin XCConfigurationList section */
		FEBF460614761F1F004C0525 /* Build configuration list for PBXProject "SampleInterface" */ = {
			isa = XCConfigurationList;
			buildConfigurations = (
				FEBF462814761F1F004C0525 /* Debug */,
				FEBF462914761F1F004C0525 /* Release */,
			);
			defaultConfigurationIsVisible = 0;
			defaultConfigurationName = Release;
		};
		FEBF462A14761F1F004C0525 /* Build configuration list for PBXNativeTarget "SampleInterface" */ = {
			isa = XCConfigurationList;
			buildConfigurations = (
				FEBF462B14761F1F004C0525 /* Debug */,
				FEBF462C14761F1F004C0525 /* Release */,
			);
			defaultConfigurationIsVisible = 0;
			defaultConfigurationName = Release;
		};
/* End XCConfigurationList section */
	};
	rootObject = FEBF460314761F1F004C0525 /* Project object */;
}
